// !$*UTF8*$!
{
	archiveVersion = 1;
	classes = {
	};
	objectVersion = 50;
	objects = {

/* Begin PBXBuildFile section */
		084A478E4E7307FD606D9653 /* libPods-RuntimeLearningTests.a in Frameworks */ = {isa = PBXBuildFile; fileRef = 4A7FAD87682FD1B94903588E /* libPods-RuntimeLearningTests.a */; };
		1001DA0B222E521700E5EBEF /* TestCategoryOveride.m in Sources */ = {isa = PBXBuildFile; fileRef = 1001DA0A222E521700E5EBEF /* TestCategoryOveride.m */; };
		10113DE122CC8F7F00132833 /* CopyUsage.m in Sources */ = {isa = PBXBuildFile; fileRef = 10113DE022CC8F7F00132833 /* CopyUsage.m */; };
		10113DE722CF85EA00132833 /* UITextField+HCInputType.m in Sources */ = {isa = PBXBuildFile; fileRef = 10113DE522CF85E900132833 /* UITextField+HCInputType.m */; };
		10128706221D3B0700ED6CDE /* AppDelegate.m in Sources */ = {isa = PBXBuildFile; fileRef = 10128705221D3B0700ED6CDE /* AppDelegate.m */; };
		10128709221D3B0700ED6CDE /* ViewController.m in Sources */ = {isa = PBXBuildFile; fileRef = 10128708221D3B0700ED6CDE /* ViewController.m */; };
		1012870C221D3B0700ED6CDE /* Main.storyboard in Resources */ = {isa = PBXBuildFile; fileRef = 1012870A221D3B0700ED6CDE /* Main.storyboard */; };
		1012870E221D3B0900ED6CDE /* Assets.xcassets in Resources */ = {isa = PBXBuildFile; fileRef = 1012870D221D3B0900ED6CDE /* Assets.xcassets */; };
		1012871E221D3B0A00ED6CDE /* RuntimeLearningTests.m in Sources */ = {isa = PBXBuildFile; fileRef = 1012871D221D3B0A00ED6CDE /* RuntimeLearningTests.m */; };
		10128733221D3B7300ED6CDE /* NSObject+RLSafe.m in Sources */ = {isa = PBXBuildFile; fileRef = 10128729221D3B7200ED6CDE /* NSObject+RLSafe.m */; };
		10128734221D3B7300ED6CDE /* MethodSwizzleUtil.m in Sources */ = {isa = PBXBuildFile; fileRef = 1012872C221D3B7200ED6CDE /* MethodSwizzleUtil.m */; };
		1018FAF9225E12C60095BD95 /* AttributeUsage.m in Sources */ = {isa = PBXBuildFile; fileRef = 1018FAF8225E12C60095BD95 /* AttributeUsage.m */; };
		101C2C372478FEE7001403F5 /* HCSwizzleInstance.m in Sources */ = {isa = PBXBuildFile; fileRef = 101C2C322478FEE7001403F5 /* HCSwizzleInstance.m */; };
		1025D0EB225DA683008E4CC3 /* UIFont+Test.m in Sources */ = {isa = PBXBuildFile; fileRef = 1025D0EA225DA683008E4CC3 /* UIFont+Test.m */; };
		1025D0EE225DAED1008E4CC3 /* UIViewController+Test.m in Sources */ = {isa = PBXBuildFile; fileRef = 1025D0ED225DAED1008E4CC3 /* UIViewController+Test.m */; };
		1026DD112333173D00738E85 /* TestCode.mm in Sources */ = {isa = PBXBuildFile; fileRef = 1026DD102333173D00738E85 /* TestCode.mm */; };
		10271A322452BD3E00B37275 /* TestSwift.swift in Sources */ = {isa = PBXBuildFile; fileRef = 10271A312452BD3E00B37275 /* TestSwift.swift */; };
		102CDD42246656CD002150BE /* TestFuctionalProgromming.m in Sources */ = {isa = PBXBuildFile; fileRef = 102CDD41246656CD002150BE /* TestFuctionalProgromming.m */; };
		102E8648230A416900614371 /* TestTaggedPointer.m in Sources */ = {isa = PBXBuildFile; fileRef = 102E8647230A416900614371 /* TestTaggedPointer.m */; };
		104BF8BD22771E9D000C464E /* DynamicCallFunctionTest.m in Sources */ = {isa = PBXBuildFile; fileRef = 104BF8BC22771E9D000C464E /* DynamicCallFunctionTest.m */; };
		104BF8D922772F74000C464E /* calculate.c in Sources */ = {isa = PBXBuildFile; fileRef = 104BF8C622772333000C464E /* calculate.c */; };
		104D73472498CCB600055968 /* HookMethodInInitialize.m in Sources */ = {isa = PBXBuildFile; fileRef = 104D73462498CCB600055968 /* HookMethodInInitialize.m */; };
		104D734A2498DD7800055968 /* NSObject+Utility.m in Sources */ = {isa = PBXBuildFile; fileRef = 104D73492498DD7800055968 /* NSObject+Utility.m */; };
		104D7354249A596B00055968 /* TestCategorySwizzle+LoadOrder.m in Sources */ = {isa = PBXBuildFile; fileRef = 104D7352249A58A500055968 /* TestCategorySwizzle+LoadOrder.m */; };
		10518D81241F79A600AE5265 /* TestCategoryOveride+TestOverideOne.m in Sources */ = {isa = PBXBuildFile; fileRef = 10518D80241F79A600AE5265 /* TestCategoryOveride+TestOverideOne.m */; };
		1059F82A2488DFD7005673C8 /* PropertyUsage.m in Sources */ = {isa = PBXBuildFile; fileRef = 1059F8292488DFD7005673C8 /* PropertyUsage.m */; };
		1059F82D2488E225005673C8 /* NSObject+HCLog.m in Sources */ = {isa = PBXBuildFile; fileRef = 1059F82C2488E225005673C8 /* NSObject+HCLog.m */; };
		106BB51724EA5BF800CA68AF /* LaunchScreen.storyboard in Resources */ = {isa = PBXBuildFile; fileRef = 106BB51524EA5BF800CA68AF /* LaunchScreen.storyboard */; };
		1072564423B30DBD00BC3A00 /* TestMapTable.m in Sources */ = {isa = PBXBuildFile; fileRef = 1072564323B30DBD00BC3A00 /* TestMapTable.m */; };
		1076819A241B3B0700D486A9 /* TestCategoryOveride+TestOveride.m in Sources */ = {isa = PBXBuildFile; fileRef = 10768199241B3B0700D486A9 /* TestCategoryOveride+TestOveride.m */; };
		107B55D62410C79100EDCCD6 /* NSCacheTest.m in Sources */ = {isa = PBXBuildFile; fileRef = 107B55D52410C79100EDCCD6 /* NSCacheTest.m */; };
		1086B36A23B491DC0002F990 /* libadd.a in Frameworks */ = {isa = PBXBuildFile; fileRef = 104BF8D022772F55000C464E /* libadd.a */; settings = {ATTRIBUTES = (Weak, ); }; };
		1086B37323B4930B0002F990 /* TestStaticLib.m in Sources */ = {isa = PBXBuildFile; fileRef = 1086B37223B4930B0002F990 /* TestStaticLib.m */; };
		1086B37423B4930B0002F990 /* TestStaticLib.h in CopyFiles */ = {isa = PBXBuildFile; fileRef = 1086B37123B4930B0002F990 /* TestStaticLib.h */; };
		1086B37A23B493550002F990 /* libTestStaticLib.a in Frameworks */ = {isa = PBXBuildFile; fileRef = 1086B36F23B4930B0002F990 /* libTestStaticLib.a */; };
		1086B37E23B4AE910002F990 /* FishhookUsage.m in Sources */ = {isa = PBXBuildFile; fileRef = 1086B37D23B4AE910002F990 /* FishhookUsage.m */; };
		10A65BCF2508B3A8008D98E1 /* HCTestProtocolImp.m in Sources */ = {isa = PBXBuildFile; fileRef = 10A65BCE2508B3A8008D98E1 /* HCTestProtocolImp.m */; };
		10A6CA9D241CA882002BFAC5 /* TestMethodInvocation.m in Sources */ = {isa = PBXBuildFile; fileRef = 10A6CA9C241CA882002BFAC5 /* TestMethodInvocation.m */; };
		10AC43E7228A563D00F8F435 /* TestSwizzleInInitialize.m in Sources */ = {isa = PBXBuildFile; fileRef = 10AC43E6228A563D00F8F435 /* TestSwizzleInInitialize.m */; };
		10B9CBDF2501E604006D48AC /* main.m in Sources */ = {isa = PBXBuildFile; fileRef = 10128713221D3B0900ED6CDE /* main.m */; };
		10BF41E8227FE671009F291E /* DispatchOnceTest.m in Sources */ = {isa = PBXBuildFile; fileRef = 10BF41E7227FE671009F291E /* DispatchOnceTest.m */; };
		10BF41EB228012A7009F291E /* DispatchBarrierTest.m in Sources */ = {isa = PBXBuildFile; fileRef = 10BF41EA228012A7009F291E /* DispatchBarrierTest.m */; };
		10BF41F2228120C1009F291E /* DispatchGroupLeaveTest.m in Sources */ = {isa = PBXBuildFile; fileRef = 10BF41F1228120C1009F291E /* DispatchGroupLeaveTest.m */; };
		10C3235922781DCF0091B0ED /* NSObject+Injection.m in Sources */ = {isa = PBXBuildFile; fileRef = 10C3235822781DCF0091B0ED /* NSObject+Injection.m */; };
		10D160C0237119690051A7BA /* ByteAlignmentTest.m in Sources */ = {isa = PBXBuildFile; fileRef = 10D160BF237119690051A7BA /* ByteAlignmentTest.m */; };
		10D16100237456940051A7BA /* DispatchExamnationTest.m in Sources */ = {isa = PBXBuildFile; fileRef = 10D160FF237456940051A7BA /* DispatchExamnationTest.m */; };
		10D530FF2227B5B7007AE594 /* TestCategorySwizzle.m in Sources */ = {isa = PBXBuildFile; fileRef = 10D530F92227B5B7007AE594 /* TestCategorySwizzle.m */; };
		10D531002227B5B7007AE594 /* TestSubClassSwizzle.m in Sources */ = {isa = PBXBuildFile; fileRef = 10D530FA2227B5B7007AE594 /* TestSubClassSwizzle.m */; };
		10D531012227B5B7007AE594 /* TestUnsafeSwizzle.m in Sources */ = {isa = PBXBuildFile; fileRef = 10D530FB2227B5B7007AE594 /* TestUnsafeSwizzle.m */; };
		10D531082227CC86007AE594 /* NSObject+HCWillDealloc.m in Sources */ = {isa = PBXBuildFile; fileRef = 10D531072227CC86007AE594 /* NSObject+HCWillDealloc.m */; };
		10E383A924558132004ADBB5 /* TestViewDidLoadCallStackViewController.m in Sources */ = {isa = PBXBuildFile; fileRef = 10E383A824558132004ADBB5 /* TestViewDidLoadCallStackViewController.m */; };
		10E6545024939EEE0022156D /* TestFilterUsage.m in Sources */ = {isa = PBXBuildFile; fileRef = 10E6544F24939EEE0022156D /* TestFilterUsage.m */; };
		10E6545224939F4E0022156D /* CoreImage.framework in Frameworks */ = {isa = PBXBuildFile; fileRef = 10E6545124939F4E0022156D /* CoreImage.framework */; };
		10E6B1402462863E00A37097 /* KeychainUsage.m in Sources */ = {isa = PBXBuildFile; fileRef = 10E6B13F2462863E00A37097 /* KeychainUsage.m */; };
		10EDD7A3249DF02A00DCA29B /* HCDynamicTest.h in Headers */ = {isa = PBXBuildFile; fileRef = 10EDD7A1249DF02A00DCA29B /* HCDynamicTest.h */; settings = {ATTRIBUTES = (Public, ); }; };
		10EDD7A6249DF02A00DCA29B /* HCDynamicTest.framework in Frameworks */ = {isa = PBXBuildFile; fileRef = 10EDD79F249DF02A00DCA29B /* HCDynamicTest.framework */; };
		10EDD7A8249DF02A00DCA29B /* HCDynamicTest.framework in Embed Frameworks */ = {isa = PBXBuildFile; fileRef = 10EDD79F249DF02A00DCA29B /* HCDynamicTest.framework */; settings = {ATTRIBUTES = (CodeSignOnCopy, RemoveHeadersOnCopy, ); }; };
		10EDD7AE249DF0C500DCA29B /* HCSecurityUtil.h in Headers */ = {isa = PBXBuildFile; fileRef = 10EDD7AC249DF0C500DCA29B /* HCSecurityUtil.h */; settings = {ATTRIBUTES = (Public, ); }; };
		10EDD7AF249DF0C500DCA29B /* HCSecurityUtil.c in Sources */ = {isa = PBXBuildFile; fileRef = 10EDD7AD249DF0C500DCA29B /* HCSecurityUtil.c */; };
		10EDD7B1249DF19200DCA29B /* Foundation.framework in Frameworks */ = {isa = PBXBuildFile; fileRef = 10EDD7B0249DF19200DCA29B /* Foundation.framework */; };
		10F2DB622397AEEA00BA107A /* TestClassCluster.m in Sources */ = {isa = PBXBuildFile; fileRef = 10F2DB612397AEEA00BA107A /* TestClassCluster.m */; };
		D7335419B0BF156CDF1C5B8E /* libPods-RuntimeLearning.a in Frameworks */ = {isa = PBXBuildFile; fileRef = 3FE1FAC32D91B262A68A7687 /* libPods-RuntimeLearning.a */; };
/* End PBXBuildFile section */

/* Begin PBXContainerItemProxy section */
		1012871A221D3B0A00ED6CDE /* PBXContainerItemProxy */ = {
			isa = PBXContainerItemProxy;
			containerPortal = 101286F9221D3B0700ED6CDE /* Project object */;
			proxyType = 1;
			remoteGlobalIDString = 10128700221D3B0700ED6CDE;
			remoteInfo = RuntimeLearning;
		};
		1086B36823B491260002F990 /* PBXContainerItemProxy */ = {
			isa = PBXContainerItemProxy;
			containerPortal = 101286F9221D3B0700ED6CDE /* Project object */;
			proxyType = 1;
			remoteGlobalIDString = 104BF8CF22772F55000C464E;
			remoteInfo = add;
		};
		1086B37823B4934C0002F990 /* PBXContainerItemProxy */ = {
			isa = PBXContainerItemProxy;
			containerPortal = 101286F9221D3B0700ED6CDE /* Project object */;
			proxyType = 1;
			remoteGlobalIDString = 1086B36E23B4930B0002F990;
			remoteInfo = TestStaticLib;
		};
		10EDD7A4249DF02A00DCA29B /* PBXContainerItemProxy */ = {
			isa = PBXContainerItemProxy;
			containerPortal = 101286F9221D3B0700ED6CDE /* Project object */;
			proxyType = 1;
			remoteGlobalIDString = 10EDD79E249DF02A00DCA29B;
			remoteInfo = HCDynamicTest;
		};
/* End PBXContainerItemProxy section */

/* Begin PBXCopyFilesBuildPhase section */
		104BF8CE22772F55000C464E /* CopyFiles */ = {
			isa = PBXCopyFilesBuildPhase;
			buildActionMask = 2147483647;
			dstPath = "include/$(PRODUCT_NAME)";
			dstSubfolderSpec = 16;
			files = (
			);
			runOnlyForDeploymentPostprocessing = 0;
		};
		1086B36D23B4930B0002F990 /* CopyFiles */ = {
			isa = PBXCopyFilesBuildPhase;
			buildActionMask = 2147483647;
			dstPath = "include/$(PRODUCT_NAME)";
			dstSubfolderSpec = 16;
			files = (
				1086B37423B4930B0002F990 /* TestStaticLib.h in CopyFiles */,
			);
			runOnlyForDeploymentPostprocessing = 0;
		};
		10EDD7A7249DF02A00DCA29B /* Embed Frameworks */ = {
			isa = PBXCopyFilesBuildPhase;
			buildActionMask = 2147483647;
			dstPath = "";
			dstSubfolderSpec = 10;
			files = (
				10EDD7A8249DF02A00DCA29B /* HCDynamicTest.framework in Embed Frameworks */,
			);
			name = "Embed Frameworks";
			runOnlyForDeploymentPostprocessing = 0;
		};
/* End PBXCopyFilesBuildPhase section */

/* Begin PBXFileReference section */
		1001DA09222E521700E5EBEF /* TestCategoryOveride.h */ = {isa = PBXFileReference; lastKnownFileType = sourcecode.c.h; path = TestCategoryOveride.h; sourceTree = "<group>"; };
		1001DA0A222E521700E5EBEF /* TestCategoryOveride.m */ = {isa = PBXFileReference; lastKnownFileType = sourcecode.c.objc; path = TestCategoryOveride.m; sourceTree = "<group>"; };
		10113DDF22CC8F7F00132833 /* CopyUsage.h */ = {isa = PBXFileReference; lastKnownFileType = sourcecode.c.h; path = CopyUsage.h; sourceTree = "<group>"; };
		10113DE022CC8F7F00132833 /* CopyUsage.m */ = {isa = PBXFileReference; lastKnownFileType = sourcecode.c.objc; path = CopyUsage.m; sourceTree = "<group>"; };
		10113DE522CF85E900132833 /* UITextField+HCInputType.m */ = {isa = PBXFileReference; fileEncoding = 4; lastKnownFileType = sourcecode.c.objc; path = "UITextField+HCInputType.m"; sourceTree = "<group>"; };
		10113DE622CF85E900132833 /* UITextField+HCInputType.h */ = {isa = PBXFileReference; fileEncoding = 4; lastKnownFileType = sourcecode.c.h; path = "UITextField+HCInputType.h"; sourceTree = "<group>"; };
		10128701221D3B0700ED6CDE /* RuntimeLearning.app */ = {isa = PBXFileReference; explicitFileType = wrapper.application; includeInIndex = 0; path = RuntimeLearning.app; sourceTree = BUILT_PRODUCTS_DIR; };
		10128704221D3B0700ED6CDE /* AppDelegate.h */ = {isa = PBXFileReference; lastKnownFileType = sourcecode.c.h; path = AppDelegate.h; sourceTree = "<group>"; };
		10128705221D3B0700ED6CDE /* AppDelegate.m */ = {isa = PBXFileReference; lastKnownFileType = sourcecode.c.objc; path = AppDelegate.m; sourceTree = "<group>"; };
		10128707221D3B0700ED6CDE /* ViewController.h */ = {isa = PBXFileReference; lastKnownFileType = sourcecode.c.h; path = ViewController.h; sourceTree = "<group>"; };
		10128708221D3B0700ED6CDE /* ViewController.m */ = {isa = PBXFileReference; lastKnownFileType = sourcecode.c.objc; path = ViewController.m; sourceTree = "<group>"; };
		1012870B221D3B0700ED6CDE /* Base */ = {isa = PBXFileReference; lastKnownFileType = file.storyboard; name = Base; path = Base.lproj/Main.storyboard; sourceTree = "<group>"; };
		1012870D221D3B0900ED6CDE /* Assets.xcassets */ = {isa = PBXFileReference; lastKnownFileType = folder.assetcatalog; path = Assets.xcassets; sourceTree = "<group>"; };
		10128712221D3B0900ED6CDE /* Info.plist */ = {isa = PBXFileReference; lastKnownFileType = text.plist.xml; path = Info.plist; sourceTree = "<group>"; };
		10128713221D3B0900ED6CDE /* main.m */ = {isa = PBXFileReference; lastKnownFileType = sourcecode.c.objc; path = main.m; sourceTree = "<group>"; };
		10128719221D3B0A00ED6CDE /* RuntimeLearningTests.xctest */ = {isa = PBXFileReference; explicitFileType = wrapper.cfbundle; includeInIndex = 0; path = RuntimeLearningTests.xctest; sourceTree = BUILT_PRODUCTS_DIR; };
		1012871D221D3B0A00ED6CDE /* RuntimeLearningTests.m */ = {isa = PBXFileReference; lastKnownFileType = sourcecode.c.objc; path = RuntimeLearningTests.m; sourceTree = "<group>"; };
		1012871F221D3B0A00ED6CDE /* Info.plist */ = {isa = PBXFileReference; lastKnownFileType = text.plist.xml; path = Info.plist; sourceTree = "<group>"; };
		10128729221D3B7200ED6CDE /* NSObject+RLSafe.m */ = {isa = PBXFileReference; fileEncoding = 4; lastKnownFileType = sourcecode.c.objc; path = "NSObject+RLSafe.m"; sourceTree = "<group>"; };
		1012872A221D3B7200ED6CDE /* MethodSwizzleUtil.h */ = {isa = PBXFileReference; fileEncoding = 4; lastKnownFileType = sourcecode.c.h; path = MethodSwizzleUtil.h; sourceTree = "<group>"; };
		1012872B221D3B7200ED6CDE /* NSObject+RLSafe.h */ = {isa = PBXFileReference; fileEncoding = 4; lastKnownFileType = sourcecode.c.h; path = "NSObject+RLSafe.h"; sourceTree = "<group>"; };
		1012872C221D3B7200ED6CDE /* MethodSwizzleUtil.m */ = {isa = PBXFileReference; fileEncoding = 4; lastKnownFileType = sourcecode.c.objc; path = MethodSwizzleUtil.m; sourceTree = "<group>"; };
		1018FAF7225E12C60095BD95 /* AttributeUsage.h */ = {isa = PBXFileReference; lastKnownFileType = sourcecode.c.h; path = AttributeUsage.h; sourceTree = "<group>"; };
		1018FAF8225E12C60095BD95 /* AttributeUsage.m */ = {isa = PBXFileReference; lastKnownFileType = sourcecode.c.objc; path = AttributeUsage.m; sourceTree = "<group>"; };
		101C2C2E2478FEE7001403F5 /* RCTProfileTrampoline-arm.S */ = {isa = PBXFileReference; fileEncoding = 4; lastKnownFileType = sourcecode.asm; path = "RCTProfileTrampoline-arm.S"; sourceTree = "<group>"; };
		101C2C2F2478FEE7001403F5 /* RCTProfileTrampoline-i386.S */ = {isa = PBXFileReference; fileEncoding = 4; lastKnownFileType = sourcecode.asm; path = "RCTProfileTrampoline-i386.S"; sourceTree = "<group>"; };
		101C2C302478FEE7001403F5 /* HCSwizzleInstance.h */ = {isa = PBXFileReference; fileEncoding = 4; lastKnownFileType = sourcecode.c.h; path = HCSwizzleInstance.h; sourceTree = "<group>"; };
		101C2C312478FEE7001403F5 /* RCTProfileTrampoline-arm64.S */ = {isa = PBXFileReference; fileEncoding = 4; lastKnownFileType = sourcecode.asm; path = "RCTProfileTrampoline-arm64.S"; sourceTree = "<group>"; };
		101C2C322478FEE7001403F5 /* HCSwizzleInstance.m */ = {isa = PBXFileReference; fileEncoding = 4; lastKnownFileType = sourcecode.c.objc; path = HCSwizzleInstance.m; sourceTree = "<group>"; };
		101C2C332478FEE7001403F5 /* RCTProfileTrampoline-x86_64.S */ = {isa = PBXFileReference; fileEncoding = 4; lastKnownFileType = sourcecode.asm; path = "RCTProfileTrampoline-x86_64.S"; sourceTree = "<group>"; };
		1025D0E9225DA683008E4CC3 /* UIFont+Test.h */ = {isa = PBXFileReference; lastKnownFileType = sourcecode.c.h; path = "UIFont+Test.h"; sourceTree = "<group>"; };
		1025D0EA225DA683008E4CC3 /* UIFont+Test.m */ = {isa = PBXFileReference; lastKnownFileType = sourcecode.c.objc; path = "UIFont+Test.m"; sourceTree = "<group>"; };
		1025D0EC225DAED1008E4CC3 /* UIViewController+Test.h */ = {isa = PBXFileReference; lastKnownFileType = sourcecode.c.h; path = "UIViewController+Test.h"; sourceTree = "<group>"; };
		1025D0ED225DAED1008E4CC3 /* UIViewController+Test.m */ = {isa = PBXFileReference; lastKnownFileType = sourcecode.c.objc; path = "UIViewController+Test.m"; sourceTree = "<group>"; };
		1026DD0F2333173D00738E85 /* TestCode.h */ = {isa = PBXFileReference; lastKnownFileType = sourcecode.c.h; path = TestCode.h; sourceTree = "<group>"; };
		1026DD102333173D00738E85 /* TestCode.mm */ = {isa = PBXFileReference; lastKnownFileType = sourcecode.cpp.objcpp; path = TestCode.mm; sourceTree = "<group>"; };
		10271A302452BD3D00B37275 /* RuntimeLearning-Bridging-Header.h */ = {isa = PBXFileReference; lastKnownFileType = sourcecode.c.h; path = "RuntimeLearning-Bridging-Header.h"; sourceTree = "<group>"; };
		10271A312452BD3E00B37275 /* TestSwift.swift */ = {isa = PBXFileReference; lastKnownFileType = sourcecode.swift; path = TestSwift.swift; sourceTree = "<group>"; };
		102CDD40246656CD002150BE /* TestFuctionalProgromming.h */ = {isa = PBXFileReference; lastKnownFileType = sourcecode.c.h; path = TestFuctionalProgromming.h; sourceTree = "<group>"; };
		102CDD41246656CD002150BE /* TestFuctionalProgromming.m */ = {isa = PBXFileReference; lastKnownFileType = sourcecode.c.objc; path = TestFuctionalProgromming.m; sourceTree = "<group>"; };
		102E8646230A416900614371 /* TestTaggedPointer.h */ = {isa = PBXFileReference; lastKnownFileType = sourcecode.c.h; path = TestTaggedPointer.h; sourceTree = "<group>"; };
		102E8647230A416900614371 /* TestTaggedPointer.m */ = {isa = PBXFileReference; lastKnownFileType = sourcecode.c.objc; path = TestTaggedPointer.m; sourceTree = "<group>"; };
		104BF8BB22771E9D000C464E /* DynamicCallFunctionTest.h */ = {isa = PBXFileReference; lastKnownFileType = sourcecode.c.h; path = DynamicCallFunctionTest.h; sourceTree = "<group>"; };
		104BF8BC22771E9D000C464E /* DynamicCallFunctionTest.m */ = {isa = PBXFileReference; lastKnownFileType = sourcecode.c.objc; path = DynamicCallFunctionTest.m; sourceTree = "<group>"; };
		104BF8C522772333000C464E /* calculate.h */ = {isa = PBXFileReference; lastKnownFileType = sourcecode.c.h; path = calculate.h; sourceTree = "<group>"; };
		104BF8C622772333000C464E /* calculate.c */ = {isa = PBXFileReference; lastKnownFileType = sourcecode.c.c; path = calculate.c; sourceTree = "<group>"; };
		104BF8D022772F55000C464E /* libadd.a */ = {isa = PBXFileReference; explicitFileType = archive.ar; includeInIndex = 0; path = libadd.a; sourceTree = BUILT_PRODUCTS_DIR; };
		104D73452498CCB600055968 /* HookMethodInInitialize.h */ = {isa = PBXFileReference; lastKnownFileType = sourcecode.c.h; path = HookMethodInInitialize.h; sourceTree = "<group>"; };
		104D73462498CCB600055968 /* HookMethodInInitialize.m */ = {isa = PBXFileReference; lastKnownFileType = sourcecode.c.objc; path = HookMethodInInitialize.m; sourceTree = "<group>"; };
		104D73482498DD7800055968 /* NSObject+Utility.h */ = {isa = PBXFileReference; lastKnownFileType = sourcecode.c.h; path = "NSObject+Utility.h"; sourceTree = "<group>"; };
		104D73492498DD7800055968 /* NSObject+Utility.m */ = {isa = PBXFileReference; lastKnownFileType = sourcecode.c.objc; path = "NSObject+Utility.m"; sourceTree = "<group>"; };
		104D7351249A58A500055968 /* TestCategorySwizzle+LoadOrder.h */ = {isa = PBXFileReference; lastKnownFileType = sourcecode.c.h; path = "TestCategorySwizzle+LoadOrder.h"; sourceTree = "<group>"; };
		104D7352249A58A500055968 /* TestCategorySwizzle+LoadOrder.m */ = {isa = PBXFileReference; lastKnownFileType = sourcecode.c.objc; path = "TestCategorySwizzle+LoadOrder.m"; sourceTree = "<group>"; };
		10518D7F241F79A600AE5265 /* TestCategoryOveride+TestOverideOne.h */ = {isa = PBXFileReference; lastKnownFileType = sourcecode.c.h; path = "TestCategoryOveride+TestOverideOne.h"; sourceTree = "<group>"; };
		10518D80241F79A600AE5265 /* TestCategoryOveride+TestOverideOne.m */ = {isa = PBXFileReference; lastKnownFileType = sourcecode.c.objc; path = "TestCategoryOveride+TestOverideOne.m"; sourceTree = "<group>"; };
		1059F8282488DFD7005673C8 /* PropertyUsage.h */ = {isa = PBXFileReference; lastKnownFileType = sourcecode.c.h; path = PropertyUsage.h; sourceTree = "<group>"; };
		1059F8292488DFD7005673C8 /* PropertyUsage.m */ = {isa = PBXFileReference; lastKnownFileType = sourcecode.c.objc; path = PropertyUsage.m; sourceTree = "<group>"; };
		1059F82B2488E225005673C8 /* NSObject+HCLog.h */ = {isa = PBXFileReference; lastKnownFileType = sourcecode.c.h; path = "NSObject+HCLog.h"; sourceTree = "<group>"; };
		1059F82C2488E225005673C8 /* NSObject+HCLog.m */ = {isa = PBXFileReference; lastKnownFileType = sourcecode.c.objc; path = "NSObject+HCLog.m"; sourceTree = "<group>"; };
		1059F82F2488F4C4005673C8 /* PropertyUsage.cpp */ = {isa = PBXFileReference; fileEncoding = 4; lastKnownFileType = sourcecode.cpp.cpp; path = PropertyUsage.cpp; sourceTree = "<group>"; };
		106BB51624EA5BF800CA68AF /* Base */ = {isa = PBXFileReference; lastKnownFileType = file.storyboard; name = Base; path = Base.lproj/LaunchScreen.storyboard; sourceTree = "<group>"; };
		1072564223B30DBD00BC3A00 /* TestMapTable.h */ = {isa = PBXFileReference; lastKnownFileType = sourcecode.c.h; path = TestMapTable.h; sourceTree = "<group>"; };
		1072564323B30DBD00BC3A00 /* TestMapTable.m */ = {isa = PBXFileReference; lastKnownFileType = sourcecode.c.objc; path = TestMapTable.m; sourceTree = "<group>"; };
		10768198241B3B0700D486A9 /* TestCategoryOveride+TestOveride.h */ = {isa = PBXFileReference; lastKnownFileType = sourcecode.c.h; path = "TestCategoryOveride+TestOveride.h"; sourceTree = "<group>"; };
		10768199241B3B0700D486A9 /* TestCategoryOveride+TestOveride.m */ = {isa = PBXFileReference; lastKnownFileType = sourcecode.c.objc; path = "TestCategoryOveride+TestOveride.m"; sourceTree = "<group>"; };
		107B55D42410C79100EDCCD6 /* NSCacheTest.h */ = {isa = PBXFileReference; lastKnownFileType = sourcecode.c.h; path = NSCacheTest.h; sourceTree = "<group>"; };
		107B55D52410C79100EDCCD6 /* NSCacheTest.m */ = {isa = PBXFileReference; lastKnownFileType = sourcecode.c.objc; path = NSCacheTest.m; sourceTree = "<group>"; };
		1086B36F23B4930B0002F990 /* libTestStaticLib.a */ = {isa = PBXFileReference; explicitFileType = archive.ar; includeInIndex = 0; path = libTestStaticLib.a; sourceTree = BUILT_PRODUCTS_DIR; };
		1086B37123B4930B0002F990 /* TestStaticLib.h */ = {isa = PBXFileReference; lastKnownFileType = sourcecode.c.h; path = TestStaticLib.h; sourceTree = "<group>"; };
		1086B37223B4930B0002F990 /* TestStaticLib.m */ = {isa = PBXFileReference; lastKnownFileType = sourcecode.c.objc; path = TestStaticLib.m; sourceTree = "<group>"; };
		1086B37C23B4AE910002F990 /* FishhookUsage.h */ = {isa = PBXFileReference; lastKnownFileType = sourcecode.c.h; path = FishhookUsage.h; sourceTree = "<group>"; };
		1086B37D23B4AE910002F990 /* FishhookUsage.m */ = {isa = PBXFileReference; lastKnownFileType = sourcecode.c.objc; path = FishhookUsage.m; sourceTree = "<group>"; };
		10A65BCC2508AFAC008D98E1 /* HCTestProtocol.h */ = {isa = PBXFileReference; lastKnownFileType = sourcecode.c.h; path = HCTestProtocol.h; sourceTree = "<group>"; };
		10A65BCD2508B3A8008D98E1 /* HCTestProtocolImp.h */ = {isa = PBXFileReference; lastKnownFileType = sourcecode.c.h; path = HCTestProtocolImp.h; sourceTree = "<group>"; };
		10A65BCE2508B3A8008D98E1 /* HCTestProtocolImp.m */ = {isa = PBXFileReference; lastKnownFileType = sourcecode.c.objc; path = HCTestProtocolImp.m; sourceTree = "<group>"; };
		10A6CA9B241CA882002BFAC5 /* TestMethodInvocation.h */ = {isa = PBXFileReference; lastKnownFileType = sourcecode.c.h; path = TestMethodInvocation.h; sourceTree = "<group>"; };
		10A6CA9C241CA882002BFAC5 /* TestMethodInvocation.m */ = {isa = PBXFileReference; lastKnownFileType = sourcecode.c.objc; path = TestMethodInvocation.m; sourceTree = "<group>"; };
		10AC43E5228A563D00F8F435 /* TestSwizzleInInitialize.h */ = {isa = PBXFileReference; lastKnownFileType = sourcecode.c.h; path = TestSwizzleInInitialize.h; sourceTree = "<group>"; };
		10AC43E6228A563D00F8F435 /* TestSwizzleInInitialize.m */ = {isa = PBXFileReference; lastKnownFileType = sourcecode.c.objc; path = TestSwizzleInInitialize.m; sourceTree = "<group>"; };
		10B9CBDA2501E3B2006D48AC /* main1.m */ = {isa = PBXFileReference; fileEncoding = 4; lastKnownFileType = sourcecode.c.objc; path = main1.m; sourceTree = "<group>"; };
		10BF41E6227FE671009F291E /* DispatchOnceTest.h */ = {isa = PBXFileReference; lastKnownFileType = sourcecode.c.h; path = DispatchOnceTest.h; sourceTree = "<group>"; };
		10BF41E7227FE671009F291E /* DispatchOnceTest.m */ = {isa = PBXFileReference; lastKnownFileType = sourcecode.c.objc; path = DispatchOnceTest.m; sourceTree = "<group>"; };
		10BF41E9228012A7009F291E /* DispatchBarrierTest.h */ = {isa = PBXFileReference; lastKnownFileType = sourcecode.c.h; path = DispatchBarrierTest.h; sourceTree = "<group>"; };
		10BF41EA228012A7009F291E /* DispatchBarrierTest.m */ = {isa = PBXFileReference; lastKnownFileType = sourcecode.c.objc; path = DispatchBarrierTest.m; sourceTree = "<group>"; };
		10BF41EF22801333009F291E /* RuntimeLearningMacro.h */ = {isa = PBXFileReference; lastKnownFileType = sourcecode.c.h; path = RuntimeLearningMacro.h; sourceTree = "<group>"; };
		10BF41F0228120C1009F291E /* DispatchGroupLeaveTest.h */ = {isa = PBXFileReference; lastKnownFileType = sourcecode.c.h; path = DispatchGroupLeaveTest.h; sourceTree = "<group>"; };
		10BF41F1228120C1009F291E /* DispatchGroupLeaveTest.m */ = {isa = PBXFileReference; lastKnownFileType = sourcecode.c.objc; path = DispatchGroupLeaveTest.m; sourceTree = "<group>"; };
		10C3235722781DCF0091B0ED /* NSObject+Injection.h */ = {isa = PBXFileReference; lastKnownFileType = sourcecode.c.h; path = "NSObject+Injection.h"; sourceTree = "<group>"; };
		10C3235822781DCF0091B0ED /* NSObject+Injection.m */ = {isa = PBXFileReference; lastKnownFileType = sourcecode.c.objc; path = "NSObject+Injection.m"; sourceTree = "<group>"; };
		10CF127023AC6499001B5BA2 /* RuntimeLearning.profdata */ = {isa = PBXFileReference; lastKnownFileType = file; path = RuntimeLearning.profdata; sourceTree = "<group>"; };
		10D160BE237119690051A7BA /* ByteAlignmentTest.h */ = {isa = PBXFileReference; lastKnownFileType = sourcecode.c.h; path = ByteAlignmentTest.h; sourceTree = "<group>"; };
		10D160BF237119690051A7BA /* ByteAlignmentTest.m */ = {isa = PBXFileReference; lastKnownFileType = sourcecode.c.objc; path = ByteAlignmentTest.m; sourceTree = "<group>"; };
		10D160FE237456940051A7BA /* DispatchExamnationTest.h */ = {isa = PBXFileReference; lastKnownFileType = sourcecode.c.h; path = DispatchExamnationTest.h; sourceTree = "<group>"; };
		10D160FF237456940051A7BA /* DispatchExamnationTest.m */ = {isa = PBXFileReference; lastKnownFileType = sourcecode.c.objc; path = DispatchExamnationTest.m; sourceTree = "<group>"; };
		10D530F92227B5B7007AE594 /* TestCategorySwizzle.m */ = {isa = PBXFileReference; fileEncoding = 4; lastKnownFileType = sourcecode.c.objc; path = TestCategorySwizzle.m; sourceTree = "<group>"; };
		10D530FA2227B5B7007AE594 /* TestSubClassSwizzle.m */ = {isa = PBXFileReference; fileEncoding = 4; lastKnownFileType = sourcecode.c.objc; path = TestSubClassSwizzle.m; sourceTree = "<group>"; };
		10D530FB2227B5B7007AE594 /* TestUnsafeSwizzle.m */ = {isa = PBXFileReference; fileEncoding = 4; lastKnownFileType = sourcecode.c.objc; path = TestUnsafeSwizzle.m; sourceTree = "<group>"; };
		10D530FC2227B5B7007AE594 /* TestCategorySwizzle.h */ = {isa = PBXFileReference; fileEncoding = 4; lastKnownFileType = sourcecode.c.h; path = TestCategorySwizzle.h; sourceTree = "<group>"; };
		10D530FD2227B5B7007AE594 /* TestSubClassSwizzle.h */ = {isa = PBXFileReference; fileEncoding = 4; lastKnownFileType = sourcecode.c.h; path = TestSubClassSwizzle.h; sourceTree = "<group>"; };
		10D530FE2227B5B7007AE594 /* TestUnsafeSwizzle.h */ = {isa = PBXFileReference; fileEncoding = 4; lastKnownFileType = sourcecode.c.h; path = TestUnsafeSwizzle.h; sourceTree = "<group>"; };
		10D531062227CC86007AE594 /* NSObject+HCWillDealloc.h */ = {isa = PBXFileReference; lastKnownFileType = sourcecode.c.h; path = "NSObject+HCWillDealloc.h"; sourceTree = "<group>"; };
		10D531072227CC86007AE594 /* NSObject+HCWillDealloc.m */ = {isa = PBXFileReference; lastKnownFileType = sourcecode.c.objc; path = "NSObject+HCWillDealloc.m"; sourceTree = "<group>"; };
		10E383A724558132004ADBB5 /* TestViewDidLoadCallStackViewController.h */ = {isa = PBXFileReference; lastKnownFileType = sourcecode.c.h; path = TestViewDidLoadCallStackViewController.h; sourceTree = "<group>"; };
		10E383A824558132004ADBB5 /* TestViewDidLoadCallStackViewController.m */ = {isa = PBXFileReference; lastKnownFileType = sourcecode.c.objc; path = TestViewDidLoadCallStackViewController.m; sourceTree = "<group>"; };
		10E6544E24939EEE0022156D /* TestFilterUsage.h */ = {isa = PBXFileReference; lastKnownFileType = sourcecode.c.h; path = TestFilterUsage.h; sourceTree = "<group>"; };
		10E6544F24939EEE0022156D /* TestFilterUsage.m */ = {isa = PBXFileReference; lastKnownFileType = sourcecode.c.objc; path = TestFilterUsage.m; sourceTree = "<group>"; };
		10E6545124939F4E0022156D /* CoreImage.framework */ = {isa = PBXFileReference; lastKnownFileType = wrapper.framework; name = CoreImage.framework; path = System/Library/Frameworks/CoreImage.framework; sourceTree = SDKROOT; };
		10E6B13E2462863E00A37097 /* KeychainUsage.h */ = {isa = PBXFileReference; lastKnownFileType = sourcecode.c.h; path = KeychainUsage.h; sourceTree = "<group>"; };
		10E6B13F2462863E00A37097 /* KeychainUsage.m */ = {isa = PBXFileReference; lastKnownFileType = sourcecode.c.objc; path = KeychainUsage.m; sourceTree = "<group>"; };
		10E6B141246296BF00A37097 /* RuntimeLearning.entitlements */ = {isa = PBXFileReference; lastKnownFileType = text.plist.entitlements; path = RuntimeLearning.entitlements; sourceTree = "<group>"; };
		10EDD79F249DF02A00DCA29B /* HCDynamicTest.framework */ = {isa = PBXFileReference; explicitFileType = wrapper.framework; includeInIndex = 0; path = HCDynamicTest.framework; sourceTree = BUILT_PRODUCTS_DIR; };
		10EDD7A1249DF02A00DCA29B /* HCDynamicTest.h */ = {isa = PBXFileReference; lastKnownFileType = sourcecode.c.h; path = HCDynamicTest.h; sourceTree = "<group>"; };
		10EDD7A2249DF02A00DCA29B /* Info.plist */ = {isa = PBXFileReference; lastKnownFileType = text.plist.xml; path = Info.plist; sourceTree = "<group>"; };
		10EDD7AC249DF0C500DCA29B /* HCSecurityUtil.h */ = {isa = PBXFileReference; lastKnownFileType = sourcecode.c.h; path = HCSecurityUtil.h; sourceTree = "<group>"; };
		10EDD7AD249DF0C500DCA29B /* HCSecurityUtil.c */ = {isa = PBXFileReference; lastKnownFileType = sourcecode.c.c; path = HCSecurityUtil.c; sourceTree = "<group>"; };
		10EDD7B0249DF19200DCA29B /* Foundation.framework */ = {isa = PBXFileReference; lastKnownFileType = wrapper.framework; name = Foundation.framework; path = Platforms/MacOSX.platform/Developer/SDKs/MacOSX10.15.sdk/System/Library/Frameworks/Foundation.framework; sourceTree = DEVELOPER_DIR; };
		10F2DB602397AEEA00BA107A /* TestClassCluster.h */ = {isa = PBXFileReference; lastKnownFileType = sourcecode.c.h; path = TestClassCluster.h; sourceTree = "<group>"; };
		10F2DB612397AEEA00BA107A /* TestClassCluster.m */ = {isa = PBXFileReference; lastKnownFileType = sourcecode.c.objc; path = TestClassCluster.m; sourceTree = "<group>"; };
		3FE1FAC32D91B262A68A7687 /* libPods-RuntimeLearning.a */ = {isa = PBXFileReference; explicitFileType = archive.ar; includeInIndex = 0; path = "libPods-RuntimeLearning.a"; sourceTree = BUILT_PRODUCTS_DIR; };
		42B72C379E9A6D914DB316E2 /* Pods-RuntimeLearningTests.release.xcconfig */ = {isa = PBXFileReference; includeInIndex = 1; lastKnownFileType = text.xcconfig; name = "Pods-RuntimeLearningTests.release.xcconfig"; path = "Pods/Target Support Files/Pods-RuntimeLearningTests/Pods-RuntimeLearningTests.release.xcconfig"; sourceTree = "<group>"; };
		4A7FAD87682FD1B94903588E /* libPods-RuntimeLearningTests.a */ = {isa = PBXFileReference; explicitFileType = archive.ar; includeInIndex = 0; path = "libPods-RuntimeLearningTests.a"; sourceTree = BUILT_PRODUCTS_DIR; };
		572909D309E5F0D3549F5040 /* Pods-RuntimeLearning.debug.xcconfig */ = {isa = PBXFileReference; includeInIndex = 1; lastKnownFileType = text.xcconfig; name = "Pods-RuntimeLearning.debug.xcconfig"; path = "Target Support Files/Pods-RuntimeLearning/Pods-RuntimeLearning.debug.xcconfig"; sourceTree = "<group>"; };
		77B00A47F9E3508DD942BF78 /* Pods-RuntimeLearning.release.xcconfig */ = {isa = PBXFileReference; includeInIndex = 1; lastKnownFileType = text.xcconfig; name = "Pods-RuntimeLearning.release.xcconfig"; path = "Pods/Target Support Files/Pods-RuntimeLearning/Pods-RuntimeLearning.release.xcconfig"; sourceTree = "<group>"; };
		80706F469BC347C48B83AD30 /* Pods-RuntimeLearningTests.debug.xcconfig */ = {isa = PBXFileReference; includeInIndex = 1; lastKnownFileType = text.xcconfig; name = "Pods-RuntimeLearningTests.debug.xcconfig"; path = "Target Support Files/Pods-RuntimeLearningTests/Pods-RuntimeLearningTests.debug.xcconfig"; sourceTree = "<group>"; };
		8CD6766B6DC6A64A87FED4AC /* Pods-RuntimeLearning.debug.xcconfig */ = {isa = PBXFileReference; includeInIndex = 1; lastKnownFileType = text.xcconfig; name = "Pods-RuntimeLearning.debug.xcconfig"; path = "Pods/Target Support Files/Pods-RuntimeLearning/Pods-RuntimeLearning.debug.xcconfig"; sourceTree = "<group>"; };
		A08115034046DAE31C80CBB7 /* Pods-RuntimeLearning.release.xcconfig */ = {isa = PBXFileReference; includeInIndex = 1; lastKnownFileType = text.xcconfig; name = "Pods-RuntimeLearning.release.xcconfig"; path = "Target Support Files/Pods-RuntimeLearning/Pods-RuntimeLearning.release.xcconfig"; sourceTree = "<group>"; };
		B806095785599F281F0CEA5E /* Pods-RuntimeLearningTests.debug.xcconfig */ = {isa = PBXFileReference; includeInIndex = 1; lastKnownFileType = text.xcconfig; name = "Pods-RuntimeLearningTests.debug.xcconfig"; path = "Pods/Target Support Files/Pods-RuntimeLearningTests/Pods-RuntimeLearningTests.debug.xcconfig"; sourceTree = "<group>"; };
		D2C81A8D13612D343D3F21F0 /* Pods-RuntimeLearningTests.release.xcconfig */ = {isa = PBXFileReference; includeInIndex = 1; lastKnownFileType = text.xcconfig; name = "Pods-RuntimeLearningTests.release.xcconfig"; path = "Target Support Files/Pods-RuntimeLearningTests/Pods-RuntimeLearningTests.release.xcconfig"; sourceTree = "<group>"; };
/* End PBXFileReference section */

/* Begin PBXFrameworksBuildPhase section */
		101286FE221D3B0700ED6CDE /* Frameworks */ = {
			isa = PBXFrameworksBuildPhase;
			buildActionMask = 2147483647;
			files = (
				10E6545224939F4E0022156D /* CoreImage.framework in Frameworks */,
				1086B37A23B493550002F990 /* libTestStaticLib.a in Frameworks */,
				1086B36A23B491DC0002F990 /* libadd.a in Frameworks */,
				10EDD7A6249DF02A00DCA29B /* HCDynamicTest.framework in Frameworks */,
				D7335419B0BF156CDF1C5B8E /* libPods-RuntimeLearning.a in Frameworks */,
			);
			runOnlyForDeploymentPostprocessing = 0;
		};
		10128716221D3B0A00ED6CDE /* Frameworks */ = {
			isa = PBXFrameworksBuildPhase;
			buildActionMask = 2147483647;
			files = (
				084A478E4E7307FD606D9653 /* libPods-RuntimeLearningTests.a in Frameworks */,
			);
			runOnlyForDeploymentPostprocessing = 0;
		};
		104BF8CD22772F55000C464E /* Frameworks */ = {
			isa = PBXFrameworksBuildPhase;
			buildActionMask = 2147483647;
			files = (
			);
			runOnlyForDeploymentPostprocessing = 0;
		};
		1086B36C23B4930B0002F990 /* Frameworks */ = {
			isa = PBXFrameworksBuildPhase;
			buildActionMask = 2147483647;
			files = (
			);
			runOnlyForDeploymentPostprocessing = 0;
		};
		10EDD79C249DF02A00DCA29B /* Frameworks */ = {
			isa = PBXFrameworksBuildPhase;
			buildActionMask = 2147483647;
			files = (
				10EDD7B1249DF19200DCA29B /* Foundation.framework in Frameworks */,
			);
			runOnlyForDeploymentPostprocessing = 0;
		};
/* End PBXFrameworksBuildPhase section */

/* Begin PBXGroup section */
		1001DA08222E51E700E5EBEF /* Category */ = {
			isa = PBXGroup;
			children = (
				1001DA09222E521700E5EBEF /* TestCategoryOveride.h */,
				1001DA0A222E521700E5EBEF /* TestCategoryOveride.m */,
				10768198241B3B0700D486A9 /* TestCategoryOveride+TestOveride.h */,
				10768199241B3B0700D486A9 /* TestCategoryOveride+TestOveride.m */,
				10518D7F241F79A600AE5265 /* TestCategoryOveride+TestOverideOne.h */,
				10518D80241F79A600AE5265 /* TestCategoryOveride+TestOverideOne.m */,
				10113DE622CF85E900132833 /* UITextField+HCInputType.h */,
				10113DE522CF85E900132833 /* UITextField+HCInputType.m */,
				10A6CA9B241CA882002BFAC5 /* TestMethodInvocation.h */,
				10A6CA9C241CA882002BFAC5 /* TestMethodInvocation.m */,
			);
			name = Category;
			path = RuntimeLearning/Category;
			sourceTree = SOURCE_ROOT;
		};
		10113DDE22CC8F5600132833 /* Copy */ = {
			isa = PBXGroup;
			children = (
				10113DDF22CC8F7F00132833 /* CopyUsage.h */,
				10113DE022CC8F7F00132833 /* CopyUsage.m */,
			);
			path = Copy;
			sourceTree = "<group>";
		};
		101286F8221D3B0700ED6CDE = {
			isa = PBXGroup;
			children = (
				10128703221D3B0700ED6CDE /* RuntimeLearning */,
				1012871C221D3B0A00ED6CDE /* RuntimeLearningTests */,
				1086B37023B4930B0002F990 /* TestStaticLib */,
				10EDD7A0249DF02A00DCA29B /* HCDynamicTest */,
				10128702221D3B0700ED6CDE /* Products */,
				CFF0684E9602261EE5E7CF98 /* Frameworks */,
				2DD0631C85D238BD92DA8F9A /* Pods */,
				10CF126F23AC6499001B5BA2 /* OptimizationProfiles */,
			);
			sourceTree = "<group>";
		};
		10128702221D3B0700ED6CDE /* Products */ = {
			isa = PBXGroup;
			children = (
				10128701221D3B0700ED6CDE /* RuntimeLearning.app */,
				10128719221D3B0A00ED6CDE /* RuntimeLearningTests.xctest */,
				104BF8D022772F55000C464E /* libadd.a */,
				1086B36F23B4930B0002F990 /* libTestStaticLib.a */,
				10EDD79F249DF02A00DCA29B /* HCDynamicTest.framework */,
			);
			name = Products;
			sourceTree = "<group>";
		};
		10128703221D3B0700ED6CDE /* RuntimeLearning */ = {
			isa = PBXGroup;
			children = (
				10E6B141246296BF00A37097 /* RuntimeLearning.entitlements */,
				10A65BCB2508AF75008D98E1 /* Protocol */,
				104D73442498CC4400055968 /* Load&Initialize */,
				10E6544D24939ED40022156D /* Filters */,
				10128728221D3B7200ED6CDE /* Utility */,
				10113DDE22CC8F5600132833 /* Copy */,
				1001DA08222E51E700E5EBEF /* Category */,
				10D530F82227B5B7007AE594 /* Swizzle */,
				10D531022227B5F9007AE594 /* Association */,
				1018FAF6225E12A50095BD95 /* __attribute__ */,
				104BF8BA22771E7B000C464E /* Dynamic */,
				10BF41E5227FE65F009F291E /* Dispatch */,
				10D160BD237119410051A7BA /* ByteAlign */,
				102E8645230A414D00614371 /* Tagged Pointer */,
				10F2DB5F2397AEC200BA107A /* ClassCluster */,
				1072564123B30D9E00BC3A00 /* MapTable */,
				1086B37B23B4AE6E0002F990 /* fishhook */,
				107B55D32410C76F00EDCCD6 /* Cache */,
				10E6B13D2462861F00A37097 /* Keychain */,
				102CDD3F246656A6002150BE /* FunctionalProgromming */,
				1059F8272488DFAF005673C8 /* Property */,
				10128704221D3B0700ED6CDE /* AppDelegate.h */,
				10128705221D3B0700ED6CDE /* AppDelegate.m */,
				10128707221D3B0700ED6CDE /* ViewController.h */,
				10128708221D3B0700ED6CDE /* ViewController.m */,
				10E383A724558132004ADBB5 /* TestViewDidLoadCallStackViewController.h */,
				10E383A824558132004ADBB5 /* TestViewDidLoadCallStackViewController.m */,
				1012870A221D3B0700ED6CDE /* Main.storyboard */,
				106BB51524EA5BF800CA68AF /* LaunchScreen.storyboard */,
				1012870D221D3B0900ED6CDE /* Assets.xcassets */,
				10128712221D3B0900ED6CDE /* Info.plist */,
				10128713221D3B0900ED6CDE /* main.m */,
				10B9CBDA2501E3B2006D48AC /* main1.m */,
				1026DD0F2333173D00738E85 /* TestCode.h */,
				1026DD102333173D00738E85 /* TestCode.mm */,
				10271A312452BD3E00B37275 /* TestSwift.swift */,
				10BF41EF22801333009F291E /* RuntimeLearningMacro.h */,
				10271A302452BD3D00B37275 /* RuntimeLearning-Bridging-Header.h */,
			);
			path = RuntimeLearning;
			sourceTree = "<group>";
		};
		1012871C221D3B0A00ED6CDE /* RuntimeLearningTests */ = {
			isa = PBXGroup;
			children = (
				1012871D221D3B0A00ED6CDE /* RuntimeLearningTests.m */,
				1012871F221D3B0A00ED6CDE /* Info.plist */,
			);
			path = RuntimeLearningTests;
			sourceTree = "<group>";
		};
		10128728221D3B7200ED6CDE /* Utility */ = {
			isa = PBXGroup;
			children = (
				1012872A221D3B7200ED6CDE /* MethodSwizzleUtil.h */,
				1012872C221D3B7200ED6CDE /* MethodSwizzleUtil.m */,
				1012872B221D3B7200ED6CDE /* NSObject+RLSafe.h */,
				10128729221D3B7200ED6CDE /* NSObject+RLSafe.m */,
				10C3235722781DCF0091B0ED /* NSObject+Injection.h */,
				10C3235822781DCF0091B0ED /* NSObject+Injection.m */,
				1059F82B2488E225005673C8 /* NSObject+HCLog.h */,
				1059F82C2488E225005673C8 /* NSObject+HCLog.m */,
			);
			path = Utility;
			sourceTree = "<group>";
		};
		1018FAF6225E12A50095BD95 /* __attribute__ */ = {
			isa = PBXGroup;
			children = (
				1018FAF7225E12C60095BD95 /* AttributeUsage.h */,
				1018FAF8225E12C60095BD95 /* AttributeUsage.m */,
			);
			path = __attribute__;
			sourceTree = "<group>";
		};
		101C2C2D2478FEE7001403F5 /* HookInstance */ = {
			isa = PBXGroup;
			children = (
				101C2C302478FEE7001403F5 /* HCSwizzleInstance.h */,
				101C2C322478FEE7001403F5 /* HCSwizzleInstance.m */,
				101C2C2E2478FEE7001403F5 /* RCTProfileTrampoline-arm.S */,
				101C2C312478FEE7001403F5 /* RCTProfileTrampoline-arm64.S */,
				101C2C2F2478FEE7001403F5 /* RCTProfileTrampoline-i386.S */,
				101C2C332478FEE7001403F5 /* RCTProfileTrampoline-x86_64.S */,
			);
			path = HookInstance;
			sourceTree = "<group>";
		};
		102CDD3F246656A6002150BE /* FunctionalProgromming */ = {
			isa = PBXGroup;
			children = (
				102CDD40246656CD002150BE /* TestFuctionalProgromming.h */,
				102CDD41246656CD002150BE /* TestFuctionalProgromming.m */,
			);
			path = FunctionalProgromming;
			sourceTree = "<group>";
		};
		102E8645230A414D00614371 /* Tagged Pointer */ = {
			isa = PBXGroup;
			children = (
				102E8646230A416900614371 /* TestTaggedPointer.h */,
				102E8647230A416900614371 /* TestTaggedPointer.m */,
			);
			path = "Tagged Pointer";
			sourceTree = "<group>";
		};
		104BF8BA22771E7B000C464E /* Dynamic */ = {
			isa = PBXGroup;
			children = (
				104BF8BB22771E9D000C464E /* DynamicCallFunctionTest.h */,
				104BF8BC22771E9D000C464E /* DynamicCallFunctionTest.m */,
				104BF8C522772333000C464E /* calculate.h */,
				104BF8C622772333000C464E /* calculate.c */,
			);
			path = Dynamic;
			sourceTree = "<group>";
		};
		104D73442498CC4400055968 /* Load&Initialize */ = {
			isa = PBXGroup;
			children = (
				104D73452498CCB600055968 /* HookMethodInInitialize.h */,
				104D73462498CCB600055968 /* HookMethodInInitialize.m */,
				104D73482498DD7800055968 /* NSObject+Utility.h */,
				104D73492498DD7800055968 /* NSObject+Utility.m */,
			);
			path = "Load&Initialize";
			sourceTree = "<group>";
		};
		1059F8272488DFAF005673C8 /* Property */ = {
			isa = PBXGroup;
			children = (
				1059F8282488DFD7005673C8 /* PropertyUsage.h */,
				1059F8292488DFD7005673C8 /* PropertyUsage.m */,
				1059F82F2488F4C4005673C8 /* PropertyUsage.cpp */,
			);
			path = Property;
			sourceTree = "<group>";
		};
		1072564123B30D9E00BC3A00 /* MapTable */ = {
			isa = PBXGroup;
			children = (
				1072564223B30DBD00BC3A00 /* TestMapTable.h */,
				1072564323B30DBD00BC3A00 /* TestMapTable.m */,
			);
			path = MapTable;
			sourceTree = "<group>";
		};
		107B55D32410C76F00EDCCD6 /* Cache */ = {
			isa = PBXGroup;
			children = (
				107B55D42410C79100EDCCD6 /* NSCacheTest.h */,
				107B55D52410C79100EDCCD6 /* NSCacheTest.m */,
			);
			path = Cache;
			sourceTree = "<group>";
		};
		1086B37023B4930B0002F990 /* TestStaticLib */ = {
			isa = PBXGroup;
			children = (
				1086B37123B4930B0002F990 /* TestStaticLib.h */,
				1086B37223B4930B0002F990 /* TestStaticLib.m */,
			);
			path = TestStaticLib;
			sourceTree = "<group>";
		};
		1086B37B23B4AE6E0002F990 /* fishhook */ = {
			isa = PBXGroup;
			children = (
				1086B37C23B4AE910002F990 /* FishhookUsage.h */,
				1086B37D23B4AE910002F990 /* FishhookUsage.m */,
			);
			path = fishhook;
			sourceTree = "<group>";
		};
		10A65BCB2508AF75008D98E1 /* Protocol */ = {
			isa = PBXGroup;
			children = (
				10A65BCC2508AFAC008D98E1 /* HCTestProtocol.h */,
				10A65BCD2508B3A8008D98E1 /* HCTestProtocolImp.h */,
				10A65BCE2508B3A8008D98E1 /* HCTestProtocolImp.m */,
			);
			path = Protocol;
			sourceTree = "<group>";
		};
		10BF41E5227FE65F009F291E /* Dispatch */ = {
			isa = PBXGroup;
			children = (
				10BF41E6227FE671009F291E /* DispatchOnceTest.h */,
				10BF41E7227FE671009F291E /* DispatchOnceTest.m */,
				10BF41E9228012A7009F291E /* DispatchBarrierTest.h */,
				10BF41EA228012A7009F291E /* DispatchBarrierTest.m */,
				10BF41F0228120C1009F291E /* DispatchGroupLeaveTest.h */,
				10BF41F1228120C1009F291E /* DispatchGroupLeaveTest.m */,
				10D160FE237456940051A7BA /* DispatchExamnationTest.h */,
				10D160FF237456940051A7BA /* DispatchExamnationTest.m */,
			);
			path = Dispatch;
			sourceTree = "<group>";
		};
		10CF126F23AC6499001B5BA2 /* OptimizationProfiles */ = {
			isa = PBXGroup;
			children = (
				10CF127023AC6499001B5BA2 /* RuntimeLearning.profdata */,
			);
			path = OptimizationProfiles;
			sourceTree = "<group>";
		};
		10D160BD237119410051A7BA /* ByteAlign */ = {
			isa = PBXGroup;
			children = (
				10D160BE237119690051A7BA /* ByteAlignmentTest.h */,
				10D160BF237119690051A7BA /* ByteAlignmentTest.m */,
			);
			path = ByteAlign;
			sourceTree = "<group>";
		};
		10D530F82227B5B7007AE594 /* Swizzle */ = {
			isa = PBXGroup;
			children = (
				10D530FC2227B5B7007AE594 /* TestCategorySwizzle.h */,
				10D530F92227B5B7007AE594 /* TestCategorySwizzle.m */,
				104D7351249A58A500055968 /* TestCategorySwizzle+LoadOrder.h */,
				104D7352249A58A500055968 /* TestCategorySwizzle+LoadOrder.m */,
				10D530FD2227B5B7007AE594 /* TestSubClassSwizzle.h */,
				10D530FA2227B5B7007AE594 /* TestSubClassSwizzle.m */,
				10D530FE2227B5B7007AE594 /* TestUnsafeSwizzle.h */,
				10D530FB2227B5B7007AE594 /* TestUnsafeSwizzle.m */,
				10AC43E5228A563D00F8F435 /* TestSwizzleInInitialize.h */,
				10AC43E6228A563D00F8F435 /* TestSwizzleInInitialize.m */,
				1025D0E9225DA683008E4CC3 /* UIFont+Test.h */,
				1025D0EA225DA683008E4CC3 /* UIFont+Test.m */,
				1025D0EC225DAED1008E4CC3 /* UIViewController+Test.h */,
				1025D0ED225DAED1008E4CC3 /* UIViewController+Test.m */,
				101C2C2D2478FEE7001403F5 /* HookInstance */,
			);
			path = Swizzle;
			sourceTree = "<group>";
		};
		10D531022227B5F9007AE594 /* Association */ = {
			isa = PBXGroup;
			children = (
				10D531062227CC86007AE594 /* NSObject+HCWillDealloc.h */,
				10D531072227CC86007AE594 /* NSObject+HCWillDealloc.m */,
			);
			path = Association;
			sourceTree = "<group>";
		};
		10E6544D24939ED40022156D /* Filters */ = {
			isa = PBXGroup;
			children = (
				10E6544E24939EEE0022156D /* TestFilterUsage.h */,
				10E6544F24939EEE0022156D /* TestFilterUsage.m */,
			);
			path = Filters;
			sourceTree = "<group>";
		};
		10E6B13D2462861F00A37097 /* Keychain */ = {
			isa = PBXGroup;
			children = (
				10E6B13E2462863E00A37097 /* KeychainUsage.h */,
				10E6B13F2462863E00A37097 /* KeychainUsage.m */,
			);
			path = Keychain;
			sourceTree = "<group>";
		};
		10EDD7A0249DF02A00DCA29B /* HCDynamicTest */ = {
			isa = PBXGroup;
			children = (
				10EDD7A1249DF02A00DCA29B /* HCDynamicTest.h */,
				10EDD7AC249DF0C500DCA29B /* HCSecurityUtil.h */,
				10EDD7AD249DF0C500DCA29B /* HCSecurityUtil.c */,
				10EDD7A2249DF02A00DCA29B /* Info.plist */,
			);
			path = HCDynamicTest;
			sourceTree = "<group>";
		};
		10F2DB5F2397AEC200BA107A /* ClassCluster */ = {
			isa = PBXGroup;
			children = (
				10F2DB602397AEEA00BA107A /* TestClassCluster.h */,
				10F2DB612397AEEA00BA107A /* TestClassCluster.m */,
			);
			path = ClassCluster;
			sourceTree = "<group>";
		};
		2DD0631C85D238BD92DA8F9A /* Pods */ = {
			isa = PBXGroup;
			children = (
				572909D309E5F0D3549F5040 /* Pods-RuntimeLearning.debug.xcconfig */,
				A08115034046DAE31C80CBB7 /* Pods-RuntimeLearning.release.xcconfig */,
				80706F469BC347C48B83AD30 /* Pods-RuntimeLearningTests.debug.xcconfig */,
				D2C81A8D13612D343D3F21F0 /* Pods-RuntimeLearningTests.release.xcconfig */,
				8CD6766B6DC6A64A87FED4AC /* Pods-RuntimeLearning.debug.xcconfig */,
				77B00A47F9E3508DD942BF78 /* Pods-RuntimeLearning.release.xcconfig */,
				B806095785599F281F0CEA5E /* Pods-RuntimeLearningTests.debug.xcconfig */,
				42B72C379E9A6D914DB316E2 /* Pods-RuntimeLearningTests.release.xcconfig */,
			);
			path = Pods;
			sourceTree = "<group>";
		};
		CFF0684E9602261EE5E7CF98 /* Frameworks */ = {
			isa = PBXGroup;
			children = (
				10EDD7B0249DF19200DCA29B /* Foundation.framework */,
				10E6545124939F4E0022156D /* CoreImage.framework */,
				3FE1FAC32D91B262A68A7687 /* libPods-RuntimeLearning.a */,
				4A7FAD87682FD1B94903588E /* libPods-RuntimeLearningTests.a */,
			);
			name = Frameworks;
			sourceTree = "<group>";
		};
/* End PBXGroup section */

/* Begin PBXHeadersBuildPhase section */
		10EDD79A249DF02A00DCA29B /* Headers */ = {
			isa = PBXHeadersBuildPhase;
			buildActionMask = 2147483647;
			files = (
				10EDD7A3249DF02A00DCA29B /* HCDynamicTest.h in Headers */,
				10EDD7AE249DF0C500DCA29B /* HCSecurityUtil.h in Headers */,
			);
			runOnlyForDeploymentPostprocessing = 0;
		};
/* End PBXHeadersBuildPhase section */

/* Begin PBXNativeTarget section */
		10128700221D3B0700ED6CDE /* RuntimeLearning */ = {
			isa = PBXNativeTarget;
			buildConfigurationList = 10128722221D3B0A00ED6CDE /* Build configuration list for PBXNativeTarget "RuntimeLearning" */;
			buildPhases = (
				D7FE33F4AB2485269D37C3C3 /* [CP] Check Pods Manifest.lock */,
				10B16119223F4C5E00655040 /* Modify Project Conifg Shell */,
				101286FD221D3B0700ED6CDE /* Sources */,
				101286FE221D3B0700ED6CDE /* Frameworks */,
				101286FF221D3B0700ED6CDE /* Resources */,
				10EDD7A7249DF02A00DCA29B /* Embed Frameworks */,
				10B9CBD92501D68C006D48AC /* ShellScript */,
			);
			buildRules = (
			);
			dependencies = (
				1086B37923B4934C0002F990 /* PBXTargetDependency */,
				1086B36923B491260002F990 /* PBXTargetDependency */,
				10EDD7A5249DF02A00DCA29B /* PBXTargetDependency */,
			);
			name = RuntimeLearning;
			productName = RuntimeLearning;
			productReference = 10128701221D3B0700ED6CDE /* RuntimeLearning.app */;
			productType = "com.apple.product-type.application";
		};
		10128718221D3B0A00ED6CDE /* RuntimeLearningTests */ = {
			isa = PBXNativeTarget;
			buildConfigurationList = 10128725221D3B0A00ED6CDE /* Build configuration list for PBXNativeTarget "RuntimeLearningTests" */;
			buildPhases = (
				A5F04428BFD1FD0DA890439F /* [CP] Check Pods Manifest.lock */,
				10128715221D3B0A00ED6CDE /* Sources */,
				10128716221D3B0A00ED6CDE /* Frameworks */,
				10128717221D3B0A00ED6CDE /* Resources */,
			);
			buildRules = (
			);
			dependencies = (
				1012871B221D3B0A00ED6CDE /* PBXTargetDependency */,
			);
			name = RuntimeLearningTests;
			productName = RuntimeLearningTests;
			productReference = 10128719221D3B0A00ED6CDE /* RuntimeLearningTests.xctest */;
			productType = "com.apple.product-type.bundle.unit-test";
		};
		104BF8CF22772F55000C464E /* add */ = {
			isa = PBXNativeTarget;
			buildConfigurationList = 104BF8D622772F55000C464E /* Build configuration list for PBXNativeTarget "add" */;
			buildPhases = (
				104BF8CC22772F55000C464E /* Sources */,
				104BF8CD22772F55000C464E /* Frameworks */,
				104BF8CE22772F55000C464E /* CopyFiles */,
			);
			buildRules = (
			);
			dependencies = (
			);
			name = add;
			productName = add;
			productReference = 104BF8D022772F55000C464E /* libadd.a */;
			productType = "com.apple.product-type.library.static";
		};
		1086B36E23B4930B0002F990 /* TestStaticLib */ = {
			isa = PBXNativeTarget;
			buildConfigurationList = 1086B37523B4930B0002F990 /* Build configuration list for PBXNativeTarget "TestStaticLib" */;
			buildPhases = (
				1086B36B23B4930B0002F990 /* Sources */,
				1086B36C23B4930B0002F990 /* Frameworks */,
				1086B36D23B4930B0002F990 /* CopyFiles */,
			);
			buildRules = (
			);
			dependencies = (
			);
			name = TestStaticLib;
			productName = TestStaticLib;
			productReference = 1086B36F23B4930B0002F990 /* libTestStaticLib.a */;
			productType = "com.apple.product-type.library.static";
		};
		10EDD79E249DF02A00DCA29B /* HCDynamicTest */ = {
			isa = PBXNativeTarget;
			buildConfigurationList = 10EDD7AB249DF02A00DCA29B /* Build configuration list for PBXNativeTarget "HCDynamicTest" */;
			buildPhases = (
				10EDD79A249DF02A00DCA29B /* Headers */,
				10EDD79B249DF02A00DCA29B /* Sources */,
				10EDD79C249DF02A00DCA29B /* Frameworks */,
				10EDD79D249DF02A00DCA29B /* Resources */,
			);
			buildRules = (
			);
			dependencies = (
			);
			name = HCDynamicTest;
			productName = HCDynamicTest;
			productReference = 10EDD79F249DF02A00DCA29B /* HCDynamicTest.framework */;
			productType = "com.apple.product-type.framework";
		};
/* End PBXNativeTarget section */

/* Begin PBXProject section */
		101286F9221D3B0700ED6CDE /* Project object */ = {
			isa = PBXProject;
			attributes = {
				DefaultBuildSystemTypeForWorkspace = Original;
				LastUpgradeCheck = 1010;
				ORGANIZATIONNAME = hechao;
				TargetAttributes = {
					10128700221D3B0700ED6CDE = {
						CreatedOnToolsVersion = 10.1;
						LastSwiftMigration = 1130;
					};
					10128718221D3B0A00ED6CDE = {
						CreatedOnToolsVersion = 10.1;
						TestTargetID = 10128700221D3B0700ED6CDE;
					};
					104BF8CF22772F55000C464E = {
						CreatedOnToolsVersion = 10.1;
					};
					1086B36E23B4930B0002F990 = {
						CreatedOnToolsVersion = 10.1;
					};
					10EDD79E249DF02A00DCA29B = {
						CreatedOnToolsVersion = 11.3.1;
					};
				};
			};
			buildConfigurationList = 101286FC221D3B0700ED6CDE /* Build configuration list for PBXProject "RuntimeLearning" */;
			compatibilityVersion = "Xcode 9.3";
			developmentRegion = en;
			hasScannedForEncodings = 0;
			knownRegions = (
				en,
				Base,
			);
			mainGroup = 101286F8221D3B0700ED6CDE;
			productRefGroup = 10128702221D3B0700ED6CDE /* Products */;
			projectDirPath = "";
			projectRoot = "";
			targets = (
				10128700221D3B0700ED6CDE /* RuntimeLearning */,
				10128718221D3B0A00ED6CDE /* RuntimeLearningTests */,
				104BF8CF22772F55000C464E /* add */,
				1086B36E23B4930B0002F990 /* TestStaticLib */,
				10EDD79E249DF02A00DCA29B /* HCDynamicTest */,
			);
		};
/* End PBXProject section */

/* Begin PBXResourcesBuildPhase section */
		101286FF221D3B0700ED6CDE /* Resources */ = {
			isa = PBXResourcesBuildPhase;
			buildActionMask = 2147483647;
			files = (
				106BB51724EA5BF800CA68AF /* LaunchScreen.storyboard in Resources */,
				1012870E221D3B0900ED6CDE /* Assets.xcassets in Resources */,
				1012870C221D3B0700ED6CDE /* Main.storyboard in Resources */,
			);
			runOnlyForDeploymentPostprocessing = 0;
		};
		10128717221D3B0A00ED6CDE /* Resources */ = {
			isa = PBXResourcesBuildPhase;
			buildActionMask = 2147483647;
			files = (
			);
			runOnlyForDeploymentPostprocessing = 0;
		};
		10EDD79D249DF02A00DCA29B /* Resources */ = {
			isa = PBXResourcesBuildPhase;
			buildActionMask = 2147483647;
			files = (
			);
			runOnlyForDeploymentPostprocessing = 0;
		};
/* End PBXResourcesBuildPhase section */

/* Begin PBXShellScriptBuildPhase section */
		10B16119223F4C5E00655040 /* Modify Project Conifg Shell */ = {
			isa = PBXShellScriptBuildPhase;
			buildActionMask = 8;
			files = (
			);
			inputFileListPaths = (
			);
			inputPaths = (
			);
			name = "Modify Project Conifg Shell";
			outputFileListPaths = (
			);
			outputPaths = (
			);
			runOnlyForDeploymentPostprocessing = 1;
			shellPath = /bin/sh;
			shellScript = "# Type a script or drag a script file from your workspace to insert its path.\nexport PATH=$PATH:/usr/libexec\necho start modify project config\necho ${CONFIGURATION_BUILD_DIR}\necho ${SRCROOT}\necho ${PROJECT_DIR}\ncd ${SRCROOT}/RuntimeLearning.xcodeproj\n\nConfig=${CONFIGURATION}\nUseActiveArch=NO\nif [[ $Config != 'Debug' ]]; then\necho modify project config\n\n#PlistBuddy -c \"Set :objects:10128727221D3B0A00ED6CDE:buildSettings:ONLY_ACTIVE_ARCH $UseActiveArch\" project.pbxproj\nPlistBuddy -c \"Set :objects:10128724221D3B0A00ED6CDE:buildSettings:ONLY_ACTIVE_ARCH $UseActiveArch\" project.pbxproj\nPlistBuddy -c \"Set :objects:10128721221D3B0A00ED6CDE:buildSettings:ONLY_ACTIVE_ARCH $UseActiveArch\" project.pbxproj\n\necho finished modify project config\nfi\n\n";
		};
		10B9CBD92501D68C006D48AC /* ShellScript */ = {
			isa = PBXShellScriptBuildPhase;
			buildActionMask = 2147483647;
			files = (
			);
			inputFileListPaths = (
			);
			inputPaths = (
			);
			outputFileListPaths = (
			);
			outputPaths = (
			);
			runOnlyForDeploymentPostprocessing = 0;
			shellPath = /bin/sh;
			shellScript = "# Type a script or drag a script file from your workspace to insert its path.\n#chmod 777 ./insertlib.sh\n# 这里只支持模拟器，因为放到本地的framework只打包了模拟器的架构的\n#./insertLib.sh\n\n";
		};
		A5F04428BFD1FD0DA890439F /* [CP] Check Pods Manifest.lock */ = {
			isa = PBXShellScriptBuildPhase;
			buildActionMask = 2147483647;
			files = (
			);
			inputFileListPaths = (
			);
			inputPaths = (
				"${PODS_PODFILE_DIR_PATH}/Podfile.lock",
				"${PODS_ROOT}/Manifest.lock",
			);
			name = "[CP] Check Pods Manifest.lock";
			outputFileListPaths = (
			);
			outputPaths = (
				"$(DERIVED_FILE_DIR)/Pods-RuntimeLearningTests-checkManifestLockResult.txt",
			);
			runOnlyForDeploymentPostprocessing = 0;
			shellPath = /bin/sh;
			shellScript = "diff \"${PODS_PODFILE_DIR_PATH}/Podfile.lock\" \"${PODS_ROOT}/Manifest.lock\" > /dev/null\nif [ $? != 0 ] ; then\n    # print error to STDERR\n    echo \"error: The sandbox is not in sync with the Podfile.lock. Run 'pod install' or update your CocoaPods installation.\" >&2\n    exit 1\nfi\n# This output is used by Xcode 'outputs' to avoid re-running this script phase.\necho \"SUCCESS\" > \"${SCRIPT_OUTPUT_FILE_0}\"\n";
			showEnvVarsInLog = 0;
		};
		D7FE33F4AB2485269D37C3C3 /* [CP] Check Pods Manifest.lock */ = {
			isa = PBXShellScriptBuildPhase;
			buildActionMask = 2147483647;
			files = (
			);
			inputFileListPaths = (
			);
			inputPaths = (
				"${PODS_PODFILE_DIR_PATH}/Podfile.lock",
				"${PODS_ROOT}/Manifest.lock",
			);
			name = "[CP] Check Pods Manifest.lock";
			outputFileListPaths = (
			);
			outputPaths = (
				"$(DERIVED_FILE_DIR)/Pods-RuntimeLearning-checkManifestLockResult.txt",
			);
			runOnlyForDeploymentPostprocessing = 0;
			shellPath = /bin/sh;
			shellScript = "diff \"${PODS_PODFILE_DIR_PATH}/Podfile.lock\" \"${PODS_ROOT}/Manifest.lock\" > /dev/null\nif [ $? != 0 ] ; then\n    # print error to STDERR\n    echo \"error: The sandbox is not in sync with the Podfile.lock. Run 'pod install' or update your CocoaPods installation.\" >&2\n    exit 1\nfi\n# This output is used by Xcode 'outputs' to avoid re-running this script phase.\necho \"SUCCESS\" > \"${SCRIPT_OUTPUT_FILE_0}\"\n";
			showEnvVarsInLog = 0;
		};
/* End PBXShellScriptBuildPhase section */

/* Begin PBXSourcesBuildPhase section */
		101286FD221D3B0700ED6CDE /* Sources */ = {
			isa = PBXSourcesBuildPhase;
			buildActionMask = 2147483647;
			files = (
				1018FAF9225E12C60095BD95 /* AttributeUsage.m in Sources */,
				10D531012227B5B7007AE594 /* TestUnsafeSwizzle.m in Sources */,
				10BF41E8227FE671009F291E /* DispatchOnceTest.m in Sources */,
				10D530FF2227B5B7007AE594 /* TestCategorySwizzle.m in Sources */,
				10128734221D3B7300ED6CDE /* MethodSwizzleUtil.m in Sources */,
				10C3235922781DCF0091B0ED /* NSObject+Injection.m in Sources */,
				1059F82D2488E225005673C8 /* NSObject+HCLog.m in Sources */,
				10518D81241F79A600AE5265 /* TestCategoryOveride+TestOverideOne.m in Sources */,
				104D7354249A596B00055968 /* TestCategorySwizzle+LoadOrder.m in Sources */,
				10A65BCF2508B3A8008D98E1 /* HCTestProtocolImp.m in Sources */,
				102CDD42246656CD002150BE /* TestFuctionalProgromming.m in Sources */,
				104D73472498CCB600055968 /* HookMethodInInitialize.m in Sources */,
				104D734A2498DD7800055968 /* NSObject+Utility.m in Sources */,
				1086B37E23B4AE910002F990 /* FishhookUsage.m in Sources */,
				10E383A924558132004ADBB5 /* TestViewDidLoadCallStackViewController.m in Sources */,
				1026DD112333173D00738E85 /* TestCode.mm in Sources */,
				10113DE122CC8F7F00132833 /* CopyUsage.m in Sources */,
				10D16100237456940051A7BA /* DispatchExamnationTest.m in Sources */,
				102E8648230A416900614371 /* TestTaggedPointer.m in Sources */,
				101C2C372478FEE7001403F5 /* HCSwizzleInstance.m in Sources */,
				10D160C0237119690051A7BA /* ByteAlignmentTest.m in Sources */,
				1059F82A2488DFD7005673C8 /* PropertyUsage.m in Sources */,
				10128733221D3B7300ED6CDE /* NSObject+RLSafe.m in Sources */,
				10BF41EB228012A7009F291E /* DispatchBarrierTest.m in Sources */,
				10A6CA9D241CA882002BFAC5 /* TestMethodInvocation.m in Sources */,
				10E6B1402462863E00A37097 /* KeychainUsage.m in Sources */,
				10F2DB622397AEEA00BA107A /* TestClassCluster.m in Sources */,
				104BF8BD22771E9D000C464E /* DynamicCallFunctionTest.m in Sources */,
				10BF41F2228120C1009F291E /* DispatchGroupLeaveTest.m in Sources */,
				10128709221D3B0700ED6CDE /* ViewController.m in Sources */,
				10AC43E7228A563D00F8F435 /* TestSwizzleInInitialize.m in Sources */,
				10D531082227CC86007AE594 /* NSObject+HCWillDealloc.m in Sources */,
				1025D0EE225DAED1008E4CC3 /* UIViewController+Test.m in Sources */,
				1072564423B30DBD00BC3A00 /* TestMapTable.m in Sources */,
				10271A322452BD3E00B37275 /* TestSwift.swift in Sources */,
				10E6545024939EEE0022156D /* TestFilterUsage.m in Sources */,
				1076819A241B3B0700D486A9 /* TestCategoryOveride+TestOveride.m in Sources */,
				1001DA0B222E521700E5EBEF /* TestCategoryOveride.m in Sources */,
				107B55D62410C79100EDCCD6 /* NSCacheTest.m in Sources */,
				10D531002227B5B7007AE594 /* TestSubClassSwizzle.m in Sources */,
				1025D0EB225DA683008E4CC3 /* UIFont+Test.m in Sources */,
				10128706221D3B0700ED6CDE /* AppDelegate.m in Sources */,
				10B9CBDF2501E604006D48AC /* main.m in Sources */,
				10113DE722CF85EA00132833 /* UITextField+HCInputType.m in Sources */,
			);
			runOnlyForDeploymentPostprocessing = 0;
		};
		10128715221D3B0A00ED6CDE /* Sources */ = {
			isa = PBXSourcesBuildPhase;
			buildActionMask = 2147483647;
			files = (
				1012871E221D3B0A00ED6CDE /* RuntimeLearningTests.m in Sources */,
			);
			runOnlyForDeploymentPostprocessing = 0;
		};
		104BF8CC22772F55000C464E /* Sources */ = {
			isa = PBXSourcesBuildPhase;
			buildActionMask = 2147483647;
			files = (
				104BF8D922772F74000C464E /* calculate.c in Sources */,
			);
			runOnlyForDeploymentPostprocessing = 0;
		};
		1086B36B23B4930B0002F990 /* Sources */ = {
			isa = PBXSourcesBuildPhase;
			buildActionMask = 2147483647;
			files = (
				1086B37323B4930B0002F990 /* TestStaticLib.m in Sources */,
			);
			runOnlyForDeploymentPostprocessing = 0;
		};
		10EDD79B249DF02A00DCA29B /* Sources */ = {
			isa = PBXSourcesBuildPhase;
			buildActionMask = 2147483647;
			files = (
				10EDD7AF249DF0C500DCA29B /* HCSecurityUtil.c in Sources */,
			);
			runOnlyForDeploymentPostprocessing = 0;
		};
/* End PBXSourcesBuildPhase section */

/* Begin PBXTargetDependency section */
		1012871B221D3B0A00ED6CDE /* PBXTargetDependency */ = {
			isa = PBXTargetDependency;
			target = 10128700221D3B0700ED6CDE /* RuntimeLearning */;
			targetProxy = 1012871A221D3B0A00ED6CDE /* PBXContainerItemProxy */;
		};
		1086B36923B491260002F990 /* PBXTargetDependency */ = {
			isa = PBXTargetDependency;
			target = 104BF8CF22772F55000C464E /* add */;
			targetProxy = 1086B36823B491260002F990 /* PBXContainerItemProxy */;
		};
		1086B37923B4934C0002F990 /* PBXTargetDependency */ = {
			isa = PBXTargetDependency;
			target = 1086B36E23B4930B0002F990 /* TestStaticLib */;
			targetProxy = 1086B37823B4934C0002F990 /* PBXContainerItemProxy */;
		};
		10EDD7A5249DF02A00DCA29B /* PBXTargetDependency */ = {
			isa = PBXTargetDependency;
			target = 10EDD79E249DF02A00DCA29B /* HCDynamicTest */;
			targetProxy = 10EDD7A4249DF02A00DCA29B /* PBXContainerItemProxy */;
		};
/* End PBXTargetDependency section */

/* Begin PBXVariantGroup section */
		1012870A221D3B0700ED6CDE /* Main.storyboard */ = {
			isa = PBXVariantGroup;
			children = (
				1012870B221D3B0700ED6CDE /* Base */,
			);
			name = Main.storyboard;
			sourceTree = "<group>";
		};
		106BB51524EA5BF800CA68AF /* LaunchScreen.storyboard */ = {
			isa = PBXVariantGroup;
			children = (
				106BB51624EA5BF800CA68AF /* Base */,
			);
			name = LaunchScreen.storyboard;
			sourceTree = "<group>";
		};
/* End PBXVariantGroup section */

/* Begin XCBuildConfiguration section */
		10128720221D3B0A00ED6CDE /* Debug */ = {
			isa = XCBuildConfiguration;
			buildSettings = {
				ALWAYS_SEARCH_USER_PATHS = NO;
				CLANG_ANALYZER_NONNULL = YES;
				CLANG_ANALYZER_NUMBER_OBJECT_CONVERSION = YES_AGGRESSIVE;
				CLANG_CXX_LANGUAGE_STANDARD = "gnu++14";
				CLANG_CXX_LIBRARY = "libc++";
				CLANG_ENABLE_MODULES = YES;
				CLANG_ENABLE_OBJC_ARC = YES;
				CLANG_ENABLE_OBJC_WEAK = YES;
				CLANG_WARN_BLOCK_CAPTURE_AUTORELEASING = YES;
				CLANG_WARN_BOOL_CONVERSION = YES;
				CLANG_WARN_COMMA = YES;
				CLANG_WARN_CONSTANT_CONVERSION = YES;
				CLANG_WARN_DEPRECATED_OBJC_IMPLEMENTATIONS = YES;
				CLANG_WARN_DIRECT_OBJC_ISA_USAGE = YES_ERROR;
				CLANG_WARN_DOCUMENTATION_COMMENTS = YES;
				CLANG_WARN_EMPTY_BODY = YES;
				CLANG_WARN_ENUM_CONVERSION = YES;
				CLANG_WARN_INFINITE_RECURSION = YES;
				CLANG_WARN_INT_CONVERSION = YES;
				CLANG_WARN_NON_LITERAL_NULL_CONVERSION = YES;
				CLANG_WARN_OBJC_IMPLICIT_RETAIN_SELF = YES;
				CLANG_WARN_OBJC_LITERAL_CONVERSION = YES;
				CLANG_WARN_OBJC_ROOT_CLASS = YES_ERROR;
				CLANG_WARN_RANGE_LOOP_ANALYSIS = YES;
				CLANG_WARN_STRICT_PROTOTYPES = YES;
				CLANG_WARN_SUSPICIOUS_MOVE = YES;
				CLANG_WARN_UNGUARDED_AVAILABILITY = YES_AGGRESSIVE;
				CLANG_WARN_UNREACHABLE_CODE = YES;
				CLANG_WARN__DUPLICATE_METHOD_MATCH = YES;
				CODE_SIGN_IDENTITY = "iPhone Developer";
				COPY_PHASE_STRIP = NO;
				DEBUG_INFORMATION_FORMAT = dwarf;
				ENABLE_STRICT_OBJC_MSGSEND = YES;
				ENABLE_TESTABILITY = YES;
				GCC_C_LANGUAGE_STANDARD = gnu11;
				GCC_DYNAMIC_NO_PIC = NO;
				GCC_NO_COMMON_BLOCKS = YES;
				GCC_OPTIMIZATION_LEVEL = 0;
				GCC_PREPROCESSOR_DEFINITIONS = (
					"DEBUG=1",
					"$(inherited)",
				);
				GCC_WARN_64_TO_32_BIT_CONVERSION = YES;
				GCC_WARN_ABOUT_RETURN_TYPE = YES_ERROR;
				GCC_WARN_UNDECLARED_SELECTOR = YES;
				GCC_WARN_UNINITIALIZED_AUTOS = YES_AGGRESSIVE;
				GCC_WARN_UNUSED_FUNCTION = YES;
				GCC_WARN_UNUSED_VARIABLE = YES;
				IPHONEOS_DEPLOYMENT_TARGET = 8.0;
				MTL_ENABLE_DEBUG_INFO = INCLUDE_SOURCE;
				MTL_FAST_MATH = YES;
				ONLY_ACTIVE_ARCH = YES;
				OTHER_CFLAGS = "";
				SDKROOT = iphoneos;
			};
			name = Debug;
		};
		10128721221D3B0A00ED6CDE /* Release */ = {
			isa = XCBuildConfiguration;
			buildSettings = {
				ALWAYS_SEARCH_USER_PATHS = NO;
				CLANG_ANALYZER_NONNULL = YES;
				CLANG_ANALYZER_NUMBER_OBJECT_CONVERSION = YES_AGGRESSIVE;
				CLANG_CXX_LANGUAGE_STANDARD = "gnu++14";
				CLANG_CXX_LIBRARY = "libc++";
				CLANG_ENABLE_MODULES = YES;
				CLANG_ENABLE_OBJC_ARC = YES;
				CLANG_ENABLE_OBJC_WEAK = YES;
				CLANG_WARN_BLOCK_CAPTURE_AUTORELEASING = YES;
				CLANG_WARN_BOOL_CONVERSION = YES;
				CLANG_WARN_COMMA = YES;
				CLANG_WARN_CONSTANT_CONVERSION = YES;
				CLANG_WARN_DEPRECATED_OBJC_IMPLEMENTATIONS = YES;
				CLANG_WARN_DIRECT_OBJC_ISA_USAGE = YES_ERROR;
				CLANG_WARN_DOCUMENTATION_COMMENTS = YES;
				CLANG_WARN_EMPTY_BODY = YES;
				CLANG_WARN_ENUM_CONVERSION = YES;
				CLANG_WARN_INFINITE_RECURSION = YES;
				CLANG_WARN_INT_CONVERSION = YES;
				CLANG_WARN_NON_LITERAL_NULL_CONVERSION = YES;
				CLANG_WARN_OBJC_IMPLICIT_RETAIN_SELF = YES;
				CLANG_WARN_OBJC_LITERAL_CONVERSION = YES;
				CLANG_WARN_OBJC_ROOT_CLASS = YES_ERROR;
				CLANG_WARN_RANGE_LOOP_ANALYSIS = YES;
				CLANG_WARN_STRICT_PROTOTYPES = YES;
				CLANG_WARN_SUSPICIOUS_MOVE = YES;
				CLANG_WARN_UNGUARDED_AVAILABILITY = YES_AGGRESSIVE;
				CLANG_WARN_UNREACHABLE_CODE = YES;
				CLANG_WARN__DUPLICATE_METHOD_MATCH = YES;
				CODE_SIGN_IDENTITY = "iPhone Developer";
				COPY_PHASE_STRIP = NO;
				DEBUG_INFORMATION_FORMAT = "dwarf-with-dsym";
				ENABLE_NS_ASSERTIONS = NO;
				ENABLE_STRICT_OBJC_MSGSEND = YES;
				GCC_C_LANGUAGE_STANDARD = gnu11;
				GCC_NO_COMMON_BLOCKS = YES;
				GCC_WARN_64_TO_32_BIT_CONVERSION = YES;
				GCC_WARN_ABOUT_RETURN_TYPE = YES_ERROR;
				GCC_WARN_UNDECLARED_SELECTOR = YES;
				GCC_WARN_UNINITIALIZED_AUTOS = YES_AGGRESSIVE;
				GCC_WARN_UNUSED_FUNCTION = YES;
				GCC_WARN_UNUSED_VARIABLE = YES;
				IPHONEOS_DEPLOYMENT_TARGET = 8.0;
				MTL_ENABLE_DEBUG_INFO = NO;
				MTL_FAST_MATH = YES;
				ONLY_ACTIVE_ARCH = NO;
				OTHER_CFLAGS = "";
				SDKROOT = iphoneos;
				VALIDATE_PRODUCT = YES;
			};
			name = Release;
		};
		10128723221D3B0A00ED6CDE /* Debug */ = {
			isa = XCBuildConfiguration;
			baseConfigurationReference = 572909D309E5F0D3549F5040 /* Pods-RuntimeLearning.debug.xcconfig */;
			buildSettings = {
				ASSETCATALOG_COMPILER_APPICON_NAME = AppIcon;
				ASSETCATALOG_COMPILER_LAUNCHIMAGE_NAME = "";
				CLANG_ENABLE_MODULES = YES;
				CLANG_OPTIMIZATION_PROFILE_FILE = "$(SRCROOT)/OptimizationProfiles/$(PROJECT_NAME).profdata";
				CLANG_USE_OPTIMIZATION_PROFILE = YES;
				CODE_SIGN_ENTITLEMENTS = RuntimeLearning/RuntimeLearning.entitlements;
				CODE_SIGN_STYLE = Automatic;
				DEVELOPMENT_TEAM = L2ZY2L7GYS;
				GCC_OPTIMIZATION_LEVEL = 0;
				"GCC_PREPROCESSOR_DEFINITIONS_NOT_USED_IN_PRECOMPS[arch=*]" = "CATCH_CRASH=0";
				INFOPLIST_FILE = RuntimeLearning/Info.plist;
				IPHONEOS_DEPLOYMENT_TARGET = 9.0;
				LD_GENERATE_MAP_FILE = YES;
				LD_RUNPATH_SEARCH_PATHS = (
					"$(inherited)",
					"@executable_path/Frameworks",
				);
				LIBRARY_SEARCH_PATHS = (
					"$(inherited)",
					"$(PROJECT_DIR)/RuntimeLearning/Dynamic",
				);
				ONLY_ACTIVE_ARCH = YES;
				ORDER_FILE = "${SRCROOT}/RuntimeLearning.order";
				OTHER_CFLAGS = "-fsanitize-coverage=func,trace-pc-guard";
				OTHER_LDFLAGS = (
					"$(inherited)",
					"-ObjC",
					"-l\"Aspects\"",
				);
				OTHER_SWIFT_FLAGS = "-sanitize-coverage=func -sanitize=undefined";
				PRODUCT_BUNDLE_IDENTIFIER = hc.RuntimeLearning.demo;
				PRODUCT_NAME = "$(TARGET_NAME)";
				SWIFT_OBJC_BRIDGING_HEADER = "RuntimeLearning/RuntimeLearning-Bridging-Header.h";
				SWIFT_OPTIMIZATION_LEVEL = "-Onone";
				SWIFT_VERSION = 5.0;
				TARGETED_DEVICE_FAMILY = 1;
				WARNING_CFLAGS = "-Werror=incompatible-pointer-types";
				WARNING_LDFLAGS = "";
			};
			name = Debug;
		};
		10128724221D3B0A00ED6CDE /* Release */ = {
			isa = XCBuildConfiguration;
			baseConfigurationReference = A08115034046DAE31C80CBB7 /* Pods-RuntimeLearning.release.xcconfig */;
			buildSettings = {
				ASSETCATALOG_COMPILER_APPICON_NAME = AppIcon;
				ASSETCATALOG_COMPILER_LAUNCHIMAGE_NAME = "";
				CLANG_ENABLE_MODULES = YES;
				CLANG_USE_OPTIMIZATION_PROFILE = YES;
				CODE_SIGN_ENTITLEMENTS = RuntimeLearning/RuntimeLearning.entitlements;
				CODE_SIGN_STYLE = Automatic;
				DEVELOPMENT_TEAM = L2ZY2L7GYS;
				GCC_OPTIMIZATION_LEVEL = s;
				"GCC_PREPROCESSOR_DEFINITIONS_NOT_USED_IN_PRECOMPS[arch=*]" = "CATCH_CRASH=1";
				INFOPLIST_FILE = RuntimeLearning/Info.plist;
				IPHONEOS_DEPLOYMENT_TARGET = 9.0;
				LD_GENERATE_MAP_FILE = YES;
				LD_RUNPATH_SEARCH_PATHS = (
					"$(inherited)",
					"@executable_path/Frameworks",
				);
				LIBRARY_SEARCH_PATHS = (
					"$(inherited)",
					"$(PROJECT_DIR)/RuntimeLearning/Dynamic",
				);
				ONLY_ACTIVE_ARCH = YES;
				ORDER_FILE = "${SRCROOT}/RuntimeLearning.order";
				OTHER_CFLAGS = "";
				OTHER_LDFLAGS = (
					"$(inherited)",
					"-ObjC",
					"-l\"Aspects\"",
					"-Wl,-sectcreate,__RESTRICT,__restrict,/dev/null",
				);
				OTHER_SWIFT_FLAGS = "";
				PRODUCT_BUNDLE_IDENTIFIER = hc.RuntimeLearning.demo;
				PRODUCT_NAME = "$(TARGET_NAME)";
				SWIFT_OBJC_BRIDGING_HEADER = "RuntimeLearning/RuntimeLearning-Bridging-Header.h";
				SWIFT_VERSION = 5.0;
				TARGETED_DEVICE_FAMILY = 1;
				WARNING_CFLAGS = "-Werror=incompatible-pointer-types";
				WARNING_LDFLAGS = "";
			};
			name = Release;
		};
		10128726221D3B0A00ED6CDE /* Debug */ = {
			isa = XCBuildConfiguration;
			baseConfigurationReference = 80706F469BC347C48B83AD30 /* Pods-RuntimeLearningTests.debug.xcconfig */;
			buildSettings = {
				ALWAYS_EMBED_SWIFT_STANDARD_LIBRARIES = YES;
				BUNDLE_LOADER = "$(TEST_HOST)";
				CODE_SIGN_STYLE = Automatic;
				DEVELOPMENT_TEAM = L2ZY2L7GYS;
				INFOPLIST_FILE = RuntimeLearningTests/Info.plist;
				LD_RUNPATH_SEARCH_PATHS = (
					"$(inherited)",
					"@executable_path/Frameworks",
					"@loader_path/Frameworks",
				);
				PRODUCT_BUNDLE_IDENTIFIER = hc.RuntimeLearningTests;
				PRODUCT_NAME = "$(TARGET_NAME)";
				TARGETED_DEVICE_FAMILY = "1,2";
				TEST_HOST = "$(BUILT_PRODUCTS_DIR)/RuntimeLearning.app/RuntimeLearning";
			};
			name = Debug;
		};
		10128727221D3B0A00ED6CDE /* Release */ = {
			isa = XCBuildConfiguration;
			baseConfigurationReference = D2C81A8D13612D343D3F21F0 /* Pods-RuntimeLearningTests.release.xcconfig */;
			buildSettings = {
				ALWAYS_EMBED_SWIFT_STANDARD_LIBRARIES = YES;
				BUNDLE_LOADER = "$(TEST_HOST)";
				CODE_SIGN_STYLE = Automatic;
				DEVELOPMENT_TEAM = L2ZY2L7GYS;
				INFOPLIST_FILE = RuntimeLearningTests/Info.plist;
				LD_RUNPATH_SEARCH_PATHS = (
					"$(inherited)",
					"@executable_path/Frameworks",
					"@loader_path/Frameworks",
				);
				PRODUCT_BUNDLE_IDENTIFIER = hc.RuntimeLearningTests;
				PRODUCT_NAME = "$(TARGET_NAME)";
				TARGETED_DEVICE_FAMILY = "1,2";
				TEST_HOST = "$(BUILT_PRODUCTS_DIR)/RuntimeLearning.app/RuntimeLearning";
			};
			name = Release;
		};
		104BF8D722772F55000C464E /* Debug */ = {
			isa = XCBuildConfiguration;
			buildSettings = {
				CODE_SIGN_STYLE = Automatic;
				DEVELOPMENT_TEAM = L2ZY2L7GYS;
				MACH_O_TYPE = mh_dylib;
				OTHER_CFLAGS = "";
				OTHER_LDFLAGS = "-ObjC";
				PRODUCT_NAME = "$(TARGET_NAME)";
				SKIP_INSTALL = YES;
				TARGETED_DEVICE_FAMILY = "1,2";
			};
			name = Debug;
		};
		104BF8D822772F55000C464E /* Release */ = {
			isa = XCBuildConfiguration;
			buildSettings = {
				CODE_SIGN_STYLE = Automatic;
				DEVELOPMENT_TEAM = L2ZY2L7GYS;
				MACH_O_TYPE = mh_dylib;
				OTHER_CFLAGS = "";
				OTHER_LDFLAGS = "-ObjC";
				PRODUCT_NAME = "$(TARGET_NAME)";
				SKIP_INSTALL = YES;
				TARGETED_DEVICE_FAMILY = "1,2";
			};
			name = Release;
		};
		1086B37623B4930B0002F990 /* Debug */ = {
			isa = XCBuildConfiguration;
			buildSettings = {
				CODE_SIGN_STYLE = Automatic;
				DEVELOPMENT_TEAM = L2ZY2L7GYS;
				OTHER_CFLAGS = "-fsanitize-coverage=func,trace-pc-guard";
				OTHER_LDFLAGS = "-ObjC";
				PRODUCT_NAME = "$(TARGET_NAME)";
				SKIP_INSTALL = YES;
				TARGETED_DEVICE_FAMILY = "1,2";
			};
			name = Debug;
		};
		1086B37723B4930B0002F990 /* Release */ = {
			isa = XCBuildConfiguration;
			buildSettings = {
				CODE_SIGN_STYLE = Automatic;
				DEVELOPMENT_TEAM = L2ZY2L7GYS;
				OTHER_CFLAGS = "";
				OTHER_LDFLAGS = "-ObjC";
				PRODUCT_NAME = "$(TARGET_NAME)";
				SKIP_INSTALL = YES;
				TARGETED_DEVICE_FAMILY = "1,2";
			};
			name = Release;
		};
		10EDD7A9249DF02A00DCA29B /* Debug */ = {
			isa = XCBuildConfiguration;
			buildSettings = {
				CODE_SIGN_STYLE = Automatic;
				CURRENT_PROJECT_VERSION = 1;
				DEFINES_MODULE = YES;
				DEVELOPMENT_TEAM = L2ZY2L7GYS;
				DYLIB_COMPATIBILITY_VERSION = 1;
				DYLIB_CURRENT_VERSION = 1;
				DYLIB_INSTALL_NAME_BASE = "@rpath";
				INFOPLIST_FILE = HCDynamicTest/Info.plist;
				INSTALL_PATH = "$(LOCAL_LIBRARY_DIR)/Frameworks";
				IPHONEOS_DEPLOYMENT_TARGET = 13.2;
				LD_RUNPATH_SEARCH_PATHS = (
					"$(inherited)",
					"@executable_path/Frameworks",
					"@loader_path/Frameworks",
				);
				PRODUCT_BUNDLE_IDENTIFIER = com.he.HCDynamicTest;
				PRODUCT_NAME = "$(TARGET_NAME:c99extidentifier)";
				SKIP_INSTALL = YES;
				TARGETED_DEVICE_FAMILY = "1,2";
				VERSIONING_SYSTEM = "apple-generic";
				VERSION_INFO_PREFIX = "";
			};
			name = Debug;
		};
		10EDD7AA249DF02A00DCA29B /* Release */ = {
			isa = XCBuildConfiguration;
			buildSettings = {
				CODE_SIGN_STYLE = Automatic;
				CURRENT_PROJECT_VERSION = 1;
				DEFINES_MODULE = YES;
				DEVELOPMENT_TEAM = L2ZY2L7GYS;
				DYLIB_COMPATIBILITY_VERSION = 1;
				DYLIB_CURRENT_VERSION = 1;
				DYLIB_INSTALL_NAME_BASE = "@rpath";
				INFOPLIST_FILE = HCDynamicTest/Info.plist;
				INSTALL_PATH = "$(LOCAL_LIBRARY_DIR)/Frameworks";
				IPHONEOS_DEPLOYMENT_TARGET = 13.2;
				LD_RUNPATH_SEARCH_PATHS = (
					"$(inherited)",
					"@executable_path/Frameworks",
					"@loader_path/Frameworks",
				);
				PRODUCT_BUNDLE_IDENTIFIER = com.he.HCDynamicTest;
				PRODUCT_NAME = "$(TARGET_NAME:c99extidentifier)";
				SKIP_INSTALL = YES;
				TARGETED_DEVICE_FAMILY = "1,2";
				VERSIONING_SYSTEM = "apple-generic";
				VERSION_INFO_PREFIX = "";
			};
			name = Release;
		};
/* End XCBuildConfiguration section */

/* Begin XCConfigurationList section */
		101286FC221D3B0700ED6CDE /* Build configuration list for PBXProject "RuntimeLearning" */ = {
			isa = XCConfigurationList;
			buildConfigurations = (
				10128720221D3B0A00ED6CDE /* Debug */,
				10128721221D3B0A00ED6CDE /* Release */,
			);
			defaultConfigurationIsVisible = 0;
			defaultConfigurationName = Release;
		};
		10128722221D3B0A00ED6CDE /* Build configuration list for PBXNativeTarget "RuntimeLearning" */ = {
			isa = XCConfigurationList;
			buildConfigurations = (
				10128723221D3B0A00ED6CDE /* Debug */,
				10128724221D3B0A00ED6CDE /* Release */,
			);
			defaultConfigurationIsVisible = 0;
			defaultConfigurationName = Release;
		};
		10128725221D3B0A00ED6CDE /* Build configuration list for PBXNativeTarget "RuntimeLearningTests" */ = {
			isa = XCConfigurationList;
			buildConfigurations = (
				10128726221D3B0A00ED6CDE /* Debug */,
				10128727221D3B0A00ED6CDE /* Release */,
			);
			defaultConfigurationIsVisible = 0;
			defaultConfigurationName = Release;
		};
		104BF8D622772F55000C464E /* Build configuration list for PBXNativeTarget "add" */ = {
			isa = XCConfigurationList;
			buildConfigurations = (
				104BF8D722772F55000C464E /* Debug */,
				104BF8D822772F55000C464E /* Release */,
			);
			defaultConfigurationIsVisible = 0;
			defaultConfigurationName = Release;
		};
		1086B37523B4930B0002F990 /* Build configuration list for PBXNativeTarget "TestStaticLib" */ = {
			isa = XCConfigurationList;
			buildConfigurations = (
				1086B37623B4930B0002F990 /* Debug */,
				1086B37723B4930B0002F990 /* Release */,
			);
			defaultConfigurationIsVisible = 0;
			defaultConfigurationName = Release;
		};
		10EDD7AB249DF02A00DCA29B /* Build configuration list for PBXNativeTarget "HCDynamicTest" */ = {
			isa = XCConfigurationList;
			buildConfigurations = (
				10EDD7A9249DF02A00DCA29B /* Debug */,
				10EDD7AA249DF02A00DCA29B /* Release */,
			);
			defaultConfigurationIsVisible = 0;
			defaultConfigurationName = Release;
		};
/* End XCConfigurationList section */
	};
	rootObject = 101286F9221D3B0700ED6CDE /* Project object */;
}
